PODS:
  - newton-commander-browse (0.1.14):
    - newton-commander-quark
  - newton-commander-quark (0.1.5)
  - newton-commander-ui (0.1.6):
    - newton-commander-browse

DEPENDENCIES:
  - newton-commander-ui (from `../newton-commander-ui.podspec`)

EXTERNAL SOURCES:
  newton-commander-ui:
    :path: ../newton-commander-ui.podspec

SPEC CHECKSUMS:
  newton-commander-browse: 0be08c82fd1f01bb706b12a4926abb193088d071
  newton-commander-quark: d150d7cca840798ffce5df2e68401644adc315ba
  newton-commander-ui: 61bd25e9acbdc9a66e582b4a989a43c84ea91de4

COCOAPODS: 0.29.0
