PODS:
  - newton-commander-browse (0.1.8):
    - newton-commander-quark
  - newton-commander-quark (0.1.4)
  - newton-commander-ui (0.1.0):
    - newton-commander-browse

DEPENDENCIES:
  - newton-commander-ui (from `../newton-commander-ui.podspec`)

EXTERNAL SOURCES:
  newton-commander-ui:
    :path: ../newton-commander-ui.podspec

SPEC CHECKSUMS:
  newton-commander-browse: 4acd28b7cc4028334f457aed74f87fc3fa022c7d
  newton-commander-quark: 39899165bb7edd1383d903ac5e2b9f4e75948417
  newton-commander-ui: 7e5a48dbe43f7cc08427f4d4855c332e4104d1a2

COCOAPODS: 0.29.0
