PODS:
  - newton-commander-browse (0.1.15):
    - newton-commander-quark
  - newton-commander-quark (0.1.6)
  - newton-commander-ui (0.1.8):
    - newton-commander-browse

DEPENDENCIES:
  - newton-commander-ui (from `../newton-commander-ui.podspec`)

EXTERNAL SOURCES:
  newton-commander-ui:
    :path: ../newton-commander-ui.podspec

SPEC CHECKSUMS:
  newton-commander-browse: 0238155e7106516580bd503a936713de91da35db
  newton-commander-quark: 7db799b325428cef49808e20d0d06fffe380ac37
  newton-commander-ui: 974865678e9d4f719e0f43eaebc33557a36a8136

COCOAPODS: 0.29.0
