// !$*UTF8*$!
{
	archiveVersion = 1;
	classes = {
	};
	objectVersion = 46;
	objects = {

/* Begin PBXBuildFile section */
		42DF9214186FDCF900B26412 /* Cocoa.framework in Frameworks */ = {isa = PBXBuildFile; fileRef = 42DF9213186FDCF900B26412 /* Cocoa.framework */; };
		42DF921A186FDCF900B26412 /* InfoPlist.strings in Resources */ = {isa = PBXBuildFile; fileRef = 42DF9218186FDCF900B26412 /* InfoPlist.strings */; };
		42DF921C186FDCF900B26412 /* main.m in Sources */ = {isa = PBXBuildFile; fileRef = 42DF921B186FDCF900B26412 /* main.m */; };
		42DF9220186FDCF900B26412 /* Credits.rtf in Resources */ = {isa = PBXBuildFile; fileRef = 42DF921E186FDCF900B26412 /* Credits.rtf */; };
		42DF9223186FDCF900B26412 /* AppDelegate.m in Sources */ = {isa = PBXBuildFile; fileRef = 42DF9222186FDCF900B26412 /* AppDelegate.m */; };
		42DF9226186FDCF900B26412 /* MainMenu.xib in Resources */ = {isa = PBXBuildFile; fileRef = 42DF9224186FDCF900B26412 /* MainMenu.xib */; };
		42DF9228186FDCF900B26412 /* Images.xcassets in Resources */ = {isa = PBXBuildFile; fileRef = 42DF9227186FDCF900B26412 /* Images.xcassets */; };
		B534667AB68E43E5BF081ED0 /* libPods-Demo.a in Frameworks */ = {isa = PBXBuildFile; fileRef = F789008B7EC24D058FA5C43F /* libPods-Demo.a */; };
/* End PBXBuildFile section */

/* Begin PBXFileReference section */
		13F8B88807B434F6008AE28D /* AppKit.framework */ = {isa = PBXFileReference; lastKnownFileType = wrapper.framework; name = AppKit.framework; path = /System/Library/Frameworks/AppKit.framework; sourceTree = "<absolute>"; };
		13F8B88907B434F6008AE28D /* CoreData.framework */ = {isa = PBXFileReference; lastKnownFileType = wrapper.framework; name = CoreData.framework; path = /System/Library/Frameworks/CoreData.framework; sourceTree = "<absolute>"; };
		13F8B88A07B434F6008AE28D /* Foundation.framework */ = {isa = PBXFileReference; lastKnownFileType = wrapper.framework; name = Foundation.framework; path = /System/Library/Frameworks/Foundation.framework; sourceTree = "<absolute>"; };
		42271FB511D14AE700E5FFE1 /* WebKit.framework */ = {isa = PBXFileReference; lastKnownFileType = wrapper.framework; name = WebKit.framework; path = System/Library/Frameworks/WebKit.framework; sourceTree = SDKROOT; };
		422F205311A851420029C47A /* Cocoa.framework */ = {isa = PBXFileReference; lastKnownFileType = wrapper.framework; name = Cocoa.framework; path = System/Library/Frameworks/Cocoa.framework; sourceTree = SDKROOT; };
		426668F91870E28F00F16FB0 /* cd_parent_dir.png */ = {isa = PBXFileReference; lastKnownFileType = image.png; path = cd_parent_dir.png; sourceTree = "<group>"; };
		426668FA1870E28F00F16FB0 /* cd_parent_dir2.png */ = {isa = PBXFileReference; lastKnownFileType = image.png; path = cd_parent_dir2.png; sourceTree = "<group>"; };
		426668FB1870E28F00F16FB0 /* go_back.icns */ = {isa = PBXFileReference; lastKnownFileType = image.icns; path = go_back.icns; sourceTree = "<group>"; };
		426668FC1870E28F00F16FB0 /* go_back1.png */ = {isa = PBXFileReference; lastKnownFileType = image.png; path = go_back1.png; sourceTree = "<group>"; };
		426668FD1870E28F00F16FB0 /* GotoFolder.xib */ = {isa = PBXFileReference; fileEncoding = 4; lastKnownFileType = file.xib; path = GotoFolder.xib; sourceTree = "<group>"; };
		426668FE1870E28F00F16FB0 /* MakeDir.xib */ = {isa = PBXFileReference; fileEncoding = 4; lastKnownFileType = file.xib; path = MakeDir.xib; sourceTree = "<group>"; };
		426668FF1870E28F00F16FB0 /* MakeFile.xib */ = {isa = PBXFileReference; fileEncoding = 4; lastKnownFileType = file.xib; path = MakeFile.xib; sourceTree = "<group>"; };
		426669001870E28F00F16FB0 /* MakeLink.xib */ = {isa = PBXFileReference; fileEncoding = 4; lastKnownFileType = file.xib; path = MakeLink.xib; sourceTree = "<group>"; };
		426669011870E28F00F16FB0 /* PreferencesAdvanced.xib */ = {isa = PBXFileReference; fileEncoding = 4; lastKnownFileType = file.xib; path = PreferencesAdvanced.xib; sourceTree = "<group>"; };
		426669021870E28F00F16FB0 /* PreferencesBookmark.xib */ = {isa = PBXFileReference; fileEncoding = 4; lastKnownFileType = file.xib; path = PreferencesBookmark.xib; sourceTree = "<group>"; };
		426669031870E28F00F16FB0 /* PreferencesGeneral.xib */ = {isa = PBXFileReference; fileEncoding = 4; lastKnownFileType = file.xib; path = PreferencesGeneral.xib; sourceTree = "<group>"; };
		426669041870E28F00F16FB0 /* PreferencesMenu.xib */ = {isa = PBXFileReference; fileEncoding = 4; lastKnownFileType = file.xib; path = PreferencesMenu.xib; sourceTree = "<group>"; };
		426669051870E28F00F16FB0 /* SmallGenericDocumentIcon.png */ = {isa = PBXFileReference; lastKnownFileType = image.png; path = SmallGenericDocumentIcon.png; sourceTree = "<group>"; };
		426669061870E28F00F16FB0 /* SmallGenericDocumentIconLink.png */ = {isa = PBXFileReference; lastKnownFileType = image.png; path = SmallGenericDocumentIconLink.png; sourceTree = "<group>"; };
		426669071870E28F00F16FB0 /* SmallGenericFolderIcon.png */ = {isa = PBXFileReference; lastKnownFileType = image.png; path = SmallGenericFolderIcon.png; sourceTree = "<group>"; };
		426669081870E28F00F16FB0 /* SmallGenericFolderIconLink.png */ = {isa = PBXFileReference; lastKnownFileType = image.png; path = SmallGenericFolderIconLink.png; sourceTree = "<group>"; };
		426669091870E28F00F16FB0 /* test.html */ = {isa = PBXFileReference; fileEncoding = 4; lastKnownFileType = text.html; path = test.html; sourceTree = "<group>"; };
		4266690A1870E28F00F16FB0 /* unknown_link.png */ = {isa = PBXFileReference; lastKnownFileType = image.png; path = unknown_link.png; sourceTree = "<group>"; };
		4266690B1870E28F00F16FB0 /* unknown.png */ = {isa = PBXFileReference; lastKnownFileType = image.png; path = unknown.png; sourceTree = "<group>"; };
		426669201870E2AA00F16FB0 /* AppearancePreferences.png */ = {isa = PBXFileReference; lastKnownFileType = image.png; path = AppearancePreferences.png; sourceTree = "<group>"; };
		426669211870E2AA00F16FB0 /* bookmark_icon.png */ = {isa = PBXFileReference; lastKnownFileType = image.png; path = bookmark_icon.png; sourceTree = "<group>"; };
		426669221870E2AA00F16FB0 /* FontsColors.png */ = {isa = PBXFileReference; lastKnownFileType = image.png; path = FontsColors.png; sourceTree = "<group>"; };
		426669231870E2AA00F16FB0 /* mkdir.png */ = {isa = PBXFileReference; lastKnownFileType = image.png; path = mkdir.png; sourceTree = "<group>"; };
		426669241870E2AA00F16FB0 /* mkfile.png */ = {isa = PBXFileReference; lastKnownFileType = image.png; path = mkfile.png; sourceTree = "<group>"; };
		428DCD3311E52DB80048B3C6 /* Carbon.framework */ = {isa = PBXFileReference; lastKnownFileType = wrapper.framework; name = Carbon.framework; path = System/Library/Frameworks/Carbon.framework; sourceTree = SDKROOT; };
		42A97A53186FDBF400CDE1D3 /* MAAttachedWindow.h */ = {isa = PBXFileReference; fileEncoding = 4; lastKnownFileType = sourcecode.c.h; path = MAAttachedWindow.h; sourceTree = "<group>"; };
		42A97A54186FDBF400CDE1D3 /* MAAttachedWindow.m */ = {isa = PBXFileReference; fileEncoding = 4; lastKnownFileType = sourcecode.c.objc; path = MAAttachedWindow.m; sourceTree = "<group>"; };
		42A97A55186FDBF400CDE1D3 /* MBPreferencesController.h */ = {isa = PBXFileReference; fileEncoding = 4; lastKnownFileType = sourcecode.c.h; path = MBPreferencesController.h; sourceTree = "<group>"; };
		42A97A56186FDBF400CDE1D3 /* MBPreferencesController.m */ = {isa = PBXFileReference; fileEncoding = 4; lastKnownFileType = sourcecode.c.objc; path = MBPreferencesController.m; sourceTree = "<group>"; };
		42A97A57186FDBF400CDE1D3 /* NCBackground.h */ = {isa = PBXFileReference; fileEncoding = 4; lastKnownFileType = sourcecode.c.h; path = NCBackground.h; sourceTree = "<group>"; };
		42A97A58186FDBF400CDE1D3 /* NCBackground.m */ = {isa = PBXFileReference; fileEncoding = 4; lastKnownFileType = sourcecode.c.objc; path = NCBackground.m; sourceTree = "<group>"; };
		42A97A59186FDBF400CDE1D3 /* NCCommon.h */ = {isa = PBXFileReference; fileEncoding = 4; lastKnownFileType = sourcecode.c.h; path = NCCommon.h; sourceTree = "<group>"; };
		42A97A5A186FDBF400CDE1D3 /* NCCommon.m */ = {isa = PBXFileReference; fileEncoding = 4; lastKnownFileType = sourcecode.c.objc; path = NCCommon.m; sourceTree = "<group>"; };
		42A97A5B186FDBF400CDE1D3 /* NCCommonTest.h */ = {isa = PBXFileReference; fileEncoding = 4; lastKnownFileType = sourcecode.c.h; path = NCCommonTest.h; sourceTree = "<group>"; };
		42A97A5C186FDBF400CDE1D3 /* NCCommonTest.m */ = {isa = PBXFileReference; fileEncoding = 4; lastKnownFileType = sourcecode.c.objc; path = NCCommonTest.m; sourceTree = "<group>"; };
		42A97A5D186FDBF400CDE1D3 /* NCCopyOperationDummy.h */ = {isa = PBXFileReference; fileEncoding = 4; lastKnownFileType = sourcecode.c.h; path = NCCopyOperationDummy.h; sourceTree = "<group>"; };
		42A97A5E186FDBF400CDE1D3 /* NCCopyOperationDummy.m */ = {isa = PBXFileReference; fileEncoding = 4; lastKnownFileType = sourcecode.c.objc; path = NCCopyOperationDummy.m; sourceTree = "<group>"; };
		42A97A5F186FDBF400CDE1D3 /* NCCopyOperationProtocol.h */ = {isa = PBXFileReference; fileEncoding = 4; lastKnownFileType = sourcecode.c.h; path = NCCopyOperationProtocol.h; sourceTree = "<group>"; };
		42A97A60186FDBF400CDE1D3 /* NCCopySheet.h */ = {isa = PBXFileReference; fileEncoding = 4; lastKnownFileType = sourcecode.c.h; path = NCCopySheet.h; sourceTree = "<group>"; };
		42A97A61186FDBF400CDE1D3 /* NCCopySheet.m */ = {isa = PBXFileReference; fileEncoding = 4; lastKnownFileType = sourcecode.c.objc; path = NCCopySheet.m; sourceTree = "<group>"; };
		42A97A62186FDBF400CDE1D3 /* NCDateCell.h */ = {isa = PBXFileReference; fileEncoding = 4; lastKnownFileType = sourcecode.c.h; path = NCDateCell.h; sourceTree = "<group>"; };
		42A97A63186FDBF400CDE1D3 /* NCDateCell.m */ = {isa = PBXFileReference; fileEncoding = 4; lastKnownFileType = sourcecode.c.objc; path = NCDateCell.m; sourceTree = "<group>"; };
		42A97A64186FDBF400CDE1D3 /* NCDeleteSheet.h */ = {isa = PBXFileReference; fileEncoding = 4; lastKnownFileType = sourcecode.c.h; path = NCDeleteSheet.h; sourceTree = "<group>"; };
		42A97A65186FDBF400CDE1D3 /* NCDeleteSheet.m */ = {isa = PBXFileReference; fileEncoding = 4; lastKnownFileType = sourcecode.c.objc; path = NCDeleteSheet.m; sourceTree = "<group>"; };
		42A97A66186FDBF400CDE1D3 /* NCGotoFolderController.h */ = {isa = PBXFileReference; fileEncoding = 4; lastKnownFileType = sourcecode.c.h; path = NCGotoFolderController.h; sourceTree = "<group>"; };
		42A97A67186FDBF400CDE1D3 /* NCGotoFolderController.m */ = {isa = PBXFileReference; fileEncoding = 4; lastKnownFileType = sourcecode.c.objc; path = NCGotoFolderController.m; sourceTree = "<group>"; };
		42A97A68186FDBF400CDE1D3 /* NCHelpView.h */ = {isa = PBXFileReference; fileEncoding = 4; lastKnownFileType = sourcecode.c.h; path = NCHelpView.h; sourceTree = "<group>"; };
		42A97A69186FDBF400CDE1D3 /* NCHelpView.m */ = {isa = PBXFileReference; fileEncoding = 4; lastKnownFileType = sourcecode.c.objc; path = NCHelpView.m; sourceTree = "<group>"; };
		42A97A6A186FDBF400CDE1D3 /* NCImageAndTextCell.h */ = {isa = PBXFileReference; fileEncoding = 4; lastKnownFileType = sourcecode.c.h; path = NCImageAndTextCell.h; sourceTree = "<group>"; };
		42A97A6B186FDBF400CDE1D3 /* NCImageAndTextCell.m */ = {isa = PBXFileReference; fileEncoding = 4; lastKnownFileType = sourcecode.c.objc; path = NCImageAndTextCell.m; sourceTree = "<group>"; };
		42A97A6C186FDBF400CDE1D3 /* NCImageCache.h */ = {isa = PBXFileReference; fileEncoding = 4; lastKnownFileType = sourcecode.c.h; path = NCImageCache.h; sourceTree = "<group>"; };
		42A97A6D186FDBF400CDE1D3 /* NCImageCache.m */ = {isa = PBXFileReference; fileEncoding = 4; lastKnownFileType = sourcecode.c.objc; path = NCImageCache.m; sourceTree = "<group>"; };
		42A97A6E186FDBF400CDE1D3 /* NCInfoView.h */ = {isa = PBXFileReference; fileEncoding = 4; lastKnownFileType = sourcecode.c.h; path = NCInfoView.h; sourceTree = "<group>"; };
		42A97A6F186FDBF400CDE1D3 /* NCInfoView.m */ = {isa = PBXFileReference; fileEncoding = 4; lastKnownFileType = sourcecode.c.objc; path = NCInfoView.m; sourceTree = "<group>"; };
		42A97A70186FDBF400CDE1D3 /* NCLister.h */ = {isa = PBXFileReference; fileEncoding = 4; lastKnownFileType = sourcecode.c.h; path = NCLister.h; sourceTree = "<group>"; };
		42A97A71186FDBF400CDE1D3 /* NCLister.m */ = {isa = PBXFileReference; fileEncoding = 4; lastKnownFileType = sourcecode.c.objc; path = NCLister.m; sourceTree = "<group>"; };
		42A97A72186FDBF400CDE1D3 /* NCListerBreadcrumb.h */ = {isa = PBXFileReference; fileEncoding = 4; lastKnownFileType = sourcecode.c.h; path = NCListerBreadcrumb.h; sourceTree = "<group>"; };
		42A97A73186FDBF400CDE1D3 /* NCListerBreadcrumb.m */ = {isa = PBXFileReference; fileEncoding = 4; lastKnownFileType = sourcecode.c.objc; path = NCListerBreadcrumb.m; sourceTree = "<group>"; };
		42A97A74186FDBF400CDE1D3 /* NCListerCell.h */ = {isa = PBXFileReference; fileEncoding = 4; lastKnownFileType = sourcecode.c.h; path = NCListerCell.h; sourceTree = "<group>"; };
		42A97A75186FDBF400CDE1D3 /* NCListerCell.m */ = {isa = PBXFileReference; fileEncoding = 4; lastKnownFileType = sourcecode.c.objc; path = NCListerCell.m; sourceTree = "<group>"; };
		42A97A76186FDBF500CDE1D3 /* NCListerCounter.h */ = {isa = PBXFileReference; fileEncoding = 4; lastKnownFileType = sourcecode.c.h; path = NCListerCounter.h; sourceTree = "<group>"; };
		42A97A77186FDBF500CDE1D3 /* NCListerCounter.m */ = {isa = PBXFileReference; fileEncoding = 4; lastKnownFileType = sourcecode.c.objc; path = NCListerCounter.m; sourceTree = "<group>"; };
		42A97A78186FDBF500CDE1D3 /* NCListerDataSource.h */ = {isa = PBXFileReference; fileEncoding = 4; lastKnownFileType = sourcecode.c.h; path = NCListerDataSource.h; sourceTree = "<group>"; };
		42A97A79186FDBF500CDE1D3 /* NCListerDataSourceAdvanced.h */ = {isa = PBXFileReference; fileEncoding = 4; lastKnownFileType = sourcecode.c.h; path = NCListerDataSourceAdvanced.h; sourceTree = "<group>"; };
		42A97A7A186FDBF500CDE1D3 /* NCListerDataSourceAdvanced.m */ = {isa = PBXFileReference; fileEncoding = 4; lastKnownFileType = sourcecode.c.objc; path = NCListerDataSourceAdvanced.m; sourceTree = "<group>"; };
		42A97A7B186FDBF500CDE1D3 /* NCListerItem.h */ = {isa = PBXFileReference; fileEncoding = 4; lastKnownFileType = sourcecode.c.h; path = NCListerItem.h; sourceTree = "<group>"; };
		42A97A7C186FDBF500CDE1D3 /* NCListerItem.m */ = {isa = PBXFileReference; fileEncoding = 4; lastKnownFileType = sourcecode.c.objc; path = NCListerItem.m; sourceTree = "<group>"; };
		42A97A7D186FDBF500CDE1D3 /* NCListerScroller.h */ = {isa = PBXFileReference; fileEncoding = 4; lastKnownFileType = sourcecode.c.h; path = NCListerScroller.h; sourceTree = "<group>"; };
		42A97A7E186FDBF500CDE1D3 /* NCListerScroller.m */ = {isa = PBXFileReference; fileEncoding = 4; lastKnownFileType = sourcecode.c.objc; path = NCListerScroller.m; sourceTree = "<group>"; };
		42A97A7F186FDBF500CDE1D3 /* NCListerTableHeaderView.h */ = {isa = PBXFileReference; fileEncoding = 4; lastKnownFileType = sourcecode.c.h; path = NCListerTableHeaderView.h; sourceTree = "<group>"; };
		42A97A80186FDBF500CDE1D3 /* NCListerTableHeaderView.m */ = {isa = PBXFileReference; fileEncoding = 4; lastKnownFileType = sourcecode.c.objc; path = NCListerTableHeaderView.m; sourceTree = "<group>"; };
		42A97A81186FDBF500CDE1D3 /* NCListerTableTextCell.h */ = {isa = PBXFileReference; fileEncoding = 4; lastKnownFileType = sourcecode.c.h; path = NCListerTableTextCell.h; sourceTree = "<group>"; };
		42A97A82186FDBF500CDE1D3 /* NCListerTableTextCell.m */ = {isa = PBXFileReference; fileEncoding = 4; lastKnownFileType = sourcecode.c.objc; path = NCListerTableTextCell.m; sourceTree = "<group>"; };
		42A97A83186FDBF500CDE1D3 /* NCListerTableView.h */ = {isa = PBXFileReference; fileEncoding = 4; lastKnownFileType = sourcecode.c.h; path = NCListerTableView.h; sourceTree = "<group>"; };
		42A97A84186FDBF500CDE1D3 /* NCListerTableView.m */ = {isa = PBXFileReference; fileEncoding = 4; lastKnownFileType = sourcecode.c.objc; path = NCListerTableView.m; sourceTree = "<group>"; };
		42A97A85186FDBF500CDE1D3 /* NCMakeDirController.h */ = {isa = PBXFileReference; fileEncoding = 4; lastKnownFileType = sourcecode.c.h; path = NCMakeDirController.h; sourceTree = "<group>"; };
		42A97A86186FDBF500CDE1D3 /* NCMakeDirController.m */ = {isa = PBXFileReference; fileEncoding = 4; lastKnownFileType = sourcecode.c.objc; path = NCMakeDirController.m; sourceTree = "<group>"; };
		42A97A87186FDBF500CDE1D3 /* NCMakeFileController.h */ = {isa = PBXFileReference; fileEncoding = 4; lastKnownFileType = sourcecode.c.h; path = NCMakeFileController.h; sourceTree = "<group>"; };
		42A97A88186FDBF500CDE1D3 /* NCMakeFileController.m */ = {isa = PBXFileReference; fileEncoding = 4; lastKnownFileType = sourcecode.c.objc; path = NCMakeFileController.m; sourceTree = "<group>"; };
		42A97A89186FDBF500CDE1D3 /* NCMakeLinkController.h */ = {isa = PBXFileReference; fileEncoding = 4; lastKnownFileType = sourcecode.c.h; path = NCMakeLinkController.h; sourceTree = "<group>"; };
		42A97A8A186FDBF500CDE1D3 /* NCMakeLinkController.m */ = {isa = PBXFileReference; fileEncoding = 4; lastKnownFileType = sourcecode.c.objc; path = NCMakeLinkController.m; sourceTree = "<group>"; };
		42A97A8B186FDBF500CDE1D3 /* NCMoveOperationDummy.h */ = {isa = PBXFileReference; fileEncoding = 4; lastKnownFileType = sourcecode.c.h; path = NCMoveOperationDummy.h; sourceTree = "<group>"; };
		42A97A8C186FDBF500CDE1D3 /* NCMoveOperationDummy.m */ = {isa = PBXFileReference; fileEncoding = 4; lastKnownFileType = sourcecode.c.objc; path = NCMoveOperationDummy.m; sourceTree = "<group>"; };
		42A97A8D186FDBF500CDE1D3 /* NCMoveOperationProtocol.h */ = {isa = PBXFileReference; fileEncoding = 4; lastKnownFileType = sourcecode.c.h; path = NCMoveOperationProtocol.h; sourceTree = "<group>"; };
		42A97A8E186FDBF500CDE1D3 /* NCMoveSheet.h */ = {isa = PBXFileReference; fileEncoding = 4; lastKnownFileType = sourcecode.c.h; path = NCMoveSheet.h; sourceTree = "<group>"; };
		42A97A8F186FDBF500CDE1D3 /* NCMoveSheet.m */ = {isa = PBXFileReference; fileEncoding = 4; lastKnownFileType = sourcecode.c.objc; path = NCMoveSheet.m; sourceTree = "<group>"; };
		42A97A90186FDBF500CDE1D3 /* NCPathControl.h */ = {isa = PBXFileReference; fileEncoding = 4; lastKnownFileType = sourcecode.c.h; path = NCPathControl.h; sourceTree = "<group>"; };
		42A97A91186FDBF500CDE1D3 /* NCPathControl.m */ = {isa = PBXFileReference; fileEncoding = 4; lastKnownFileType = sourcecode.c.objc; path = NCPathControl.m; sourceTree = "<group>"; };
		42A97A92186FDBF500CDE1D3 /* NCPermissionCell.h */ = {isa = PBXFileReference; fileEncoding = 4; lastKnownFileType = sourcecode.c.h; path = NCPermissionCell.h; sourceTree = "<group>"; };
		42A97A93186FDBF500CDE1D3 /* NCPermissionCell.m */ = {isa = PBXFileReference; fileEncoding = 4; lastKnownFileType = sourcecode.c.objc; path = NCPermissionCell.m; sourceTree = "<group>"; };
		42A97A94186FDBF500CDE1D3 /* NCPermissionSheet.h */ = {isa = PBXFileReference; fileEncoding = 4; lastKnownFileType = sourcecode.c.h; path = NCPermissionSheet.h; sourceTree = "<group>"; };
		42A97A95186FDBF500CDE1D3 /* NCPermissionSheet.m */ = {isa = PBXFileReference; fileEncoding = 4; lastKnownFileType = sourcecode.c.objc; path = NCPermissionSheet.m; sourceTree = "<group>"; };
		42A97A96186FDBF500CDE1D3 /* NCPreferencesAdvancedController.h */ = {isa = PBXFileReference; fileEncoding = 4; lastKnownFileType = sourcecode.c.h; path = NCPreferencesAdvancedController.h; sourceTree = "<group>"; };
		42A97A97186FDBF500CDE1D3 /* NCPreferencesAdvancedController.m */ = {isa = PBXFileReference; fileEncoding = 4; lastKnownFileType = sourcecode.c.objc; path = NCPreferencesAdvancedController.m; sourceTree = "<group>"; };
		42A97A98186FDBF500CDE1D3 /* NCPreferencesBookmarkController.h */ = {isa = PBXFileReference; fileEncoding = 4; lastKnownFileType = sourcecode.c.h; path = NCPreferencesBookmarkController.h; sourceTree = "<group>"; };
		42A97A99186FDBF500CDE1D3 /* NCPreferencesBookmarkController.m */ = {isa = PBXFileReference; fileEncoding = 4; lastKnownFileType = sourcecode.c.objc; path = NCPreferencesBookmarkController.m; sourceTree = "<group>"; };
		42A97A9A186FDBF500CDE1D3 /* NCPreferencesGeneralController.h */ = {isa = PBXFileReference; fileEncoding = 4; lastKnownFileType = sourcecode.c.h; path = NCPreferencesGeneralController.h; sourceTree = "<group>"; };
		42A97A9B186FDBF500CDE1D3 /* NCPreferencesGeneralController.m */ = {isa = PBXFileReference; fileEncoding = 4; lastKnownFileType = sourcecode.c.objc; path = NCPreferencesGeneralController.m; sourceTree = "<group>"; };
		42A97A9C186FDBF500CDE1D3 /* NCPreferencesMenuController.h */ = {isa = PBXFileReference; fileEncoding = 4; lastKnownFileType = sourcecode.c.h; path = NCPreferencesMenuController.h; sourceTree = "<group>"; };
		42A97A9D186FDBF500CDE1D3 /* NCPreferencesMenuController.m */ = {isa = PBXFileReference; fileEncoding = 4; lastKnownFileType = sourcecode.c.objc; path = NCPreferencesMenuController.m; sourceTree = "<group>"; };
		42A97A9E186FDBF500CDE1D3 /* NCSplitView.h */ = {isa = PBXFileReference; fileEncoding = 4; lastKnownFileType = sourcecode.c.h; path = NCSplitView.h; sourceTree = "<group>"; };
		42A97A9F186FDBF500CDE1D3 /* NCSplitView.m */ = {isa = PBXFileReference; fileEncoding = 4; lastKnownFileType = sourcecode.c.objc; path = NCSplitView.m; sourceTree = "<group>"; };
		42A97AA0186FDBF500CDE1D3 /* NCTableHeaderCell.h */ = {isa = PBXFileReference; fileEncoding = 4; lastKnownFileType = sourcecode.c.h; path = NCTableHeaderCell.h; sourceTree = "<group>"; };
		42A97AA1186FDBF500CDE1D3 /* NCTableHeaderCell.m */ = {isa = PBXFileReference; fileEncoding = 4; lastKnownFileType = sourcecode.c.objc; path = NCTableHeaderCell.m; sourceTree = "<group>"; };
		42A97AA2186FDBF500CDE1D3 /* NCTableHeaderView.h */ = {isa = PBXFileReference; fileEncoding = 4; lastKnownFileType = sourcecode.c.h; path = NCTableHeaderView.h; sourceTree = "<group>"; };
		42A97AA3186FDBF500CDE1D3 /* NCTableHeaderView.m */ = {isa = PBXFileReference; fileEncoding = 4; lastKnownFileType = sourcecode.c.objc; path = NCTableHeaderView.m; sourceTree = "<group>"; };
		42A97AA4186FDBF500CDE1D3 /* NCVolumeStatus.h */ = {isa = PBXFileReference; fileEncoding = 4; lastKnownFileType = sourcecode.c.h; path = NCVolumeStatus.h; sourceTree = "<group>"; };
		42A97AA5186FDBF500CDE1D3 /* NCVolumeStatus.m */ = {isa = PBXFileReference; fileEncoding = 4; lastKnownFileType = sourcecode.c.objc; path = NCVolumeStatus.m; sourceTree = "<group>"; };
		42A97AA6186FDBF500CDE1D3 /* NSArray+PrependPath.h */ = {isa = PBXFileReference; fileEncoding = 4; lastKnownFileType = sourcecode.c.h; path = "NSArray+PrependPath.h"; sourceTree = "<group>"; };
		42A97AA7186FDBF500CDE1D3 /* NSArray+PrependPath.m */ = {isa = PBXFileReference; fileEncoding = 4; lastKnownFileType = sourcecode.c.objc; path = "NSArray+PrependPath.m"; sourceTree = "<group>"; };
		42A97AA8186FDBF500CDE1D3 /* NSArray+PrependPathTest.h */ = {isa = PBXFileReference; fileEncoding = 4; lastKnownFileType = sourcecode.c.h; path = "NSArray+PrependPathTest.h"; sourceTree = "<group>"; };
		42A97AA9186FDBF500CDE1D3 /* NSArray+PrependPathTest.m */ = {isa = PBXFileReference; fileEncoding = 4; lastKnownFileType = sourcecode.c.objc; path = "NSArray+PrependPathTest.m"; sourceTree = "<group>"; };
		42A97AAA186FDBF500CDE1D3 /* NSGradient+PredefinedGradients.h */ = {isa = PBXFileReference; fileEncoding = 4; lastKnownFileType = sourcecode.c.h; path = "NSGradient+PredefinedGradients.h"; sourceTree = "<group>"; };
		42A97AAB186FDBF500CDE1D3 /* NSGradient+PredefinedGradients.m */ = {isa = PBXFileReference; fileEncoding = 4; lastKnownFileType = sourcecode.c.objc; path = "NSGradient+PredefinedGradients.m"; sourceTree = "<group>"; };
		42A97AAC186FDBF500CDE1D3 /* NSImage+ImageNamedForClass.h */ = {isa = PBXFileReference; fileEncoding = 4; lastKnownFileType = sourcecode.c.h; path = "NSImage+ImageNamedForClass.h"; sourceTree = "<group>"; };
		42A97AAD186FDBF500CDE1D3 /* NSImage+ImageNamedForClass.m */ = {isa = PBXFileReference; fileEncoding = 4; lastKnownFileType = sourcecode.c.objc; path = "NSImage+ImageNamedForClass.m"; sourceTree = "<group>"; };
		42A97AAE186FDBF500CDE1D3 /* NSMutableArray+Shuffling.h */ = {isa = PBXFileReference; fileEncoding = 4; lastKnownFileType = sourcecode.c.h; path = "NSMutableArray+Shuffling.h"; sourceTree = "<group>"; };
		42A97AAF186FDBF500CDE1D3 /* NSMutableArray+Shuffling.m */ = {isa = PBXFileReference; fileEncoding = 4; lastKnownFileType = sourcecode.c.objc; path = "NSMutableArray+Shuffling.m"; sourceTree = "<group>"; };
		42A97AB0186FDBF500CDE1D3 /* NSTableView+ColumnLayout.h */ = {isa = PBXFileReference; fileEncoding = 4; lastKnownFileType = sourcecode.c.h; path = "NSTableView+ColumnLayout.h"; sourceTree = "<group>"; };
		42A97AB1186FDBF500CDE1D3 /* NSTableView+ColumnLayout.m */ = {isa = PBXFileReference; fileEncoding = 4; lastKnownFileType = sourcecode.c.objc; path = "NSTableView+ColumnLayout.m"; sourceTree = "<group>"; };
		42A97AB2186FDBF500CDE1D3 /* NSTabView+SwitchExtensions.h */ = {isa = PBXFileReference; fileEncoding = 4; lastKnownFileType = sourcecode.c.h; path = "NSTabView+SwitchExtensions.h"; sourceTree = "<group>"; };
		42A97AB3186FDBF500CDE1D3 /* NSTabView+SwitchExtensions.m */ = {isa = PBXFileReference; fileEncoding = 4; lastKnownFileType = sourcecode.c.objc; path = "NSTabView+SwitchExtensions.m"; sourceTree = "<group>"; };
		42A97AB4186FDBF500CDE1D3 /* NSView+SubviewExtensions.h */ = {isa = PBXFileReference; fileEncoding = 4; lastKnownFileType = sourcecode.c.h; path = "NSView+SubviewExtensions.h"; sourceTree = "<group>"; };
		42A97AB5186FDBF500CDE1D3 /* NSView+SubviewExtensions.m */ = {isa = PBXFileReference; fileEncoding = 4; lastKnownFileType = sourcecode.c.objc; path = "NSView+SubviewExtensions.m"; sourceTree = "<group>"; };
		42A97AB6186FDBF500CDE1D3 /* VerticalLayoutView.h */ = {isa = PBXFileReference; fileEncoding = 4; lastKnownFileType = sourcecode.c.h; path = VerticalLayoutView.h; sourceTree = "<group>"; };
		42A97AB7186FDBF500CDE1D3 /* VerticalLayoutView.m */ = {isa = PBXFileReference; fileEncoding = 4; lastKnownFileType = sourcecode.c.objc; path = VerticalLayoutView.m; sourceTree = "<group>"; };
		42B200711870ACD700208D1A /* NSBundle+NewtonCommanderUIBundle.h */ = {isa = PBXFileReference; lastKnownFileType = sourcecode.c.h; path = "NSBundle+NewtonCommanderUIBundle.h"; sourceTree = "<group>"; };
		42B200721870ACD700208D1A /* NSBundle+NewtonCommanderUIBundle.m */ = {isa = PBXFileReference; lastKnownFileType = sourcecode.c.objc; path = "NSBundle+NewtonCommanderUIBundle.m"; sourceTree = "<group>"; };
		42C1556B115615B7000A0547 /* Quartz.framework */ = {isa = PBXFileReference; lastKnownFileType = wrapper.framework; name = Quartz.framework; path = System/Library/Frameworks/Quartz.framework; sourceTree = SDKROOT; };
		42DF9212186FDCF900B26412 /* Demo.app */ = {isa = PBXFileReference; explicitFileType = wrapper.application; includeInIndex = 0; path = Demo.app; sourceTree = BUILT_PRODUCTS_DIR; };
		42DF9213186FDCF900B26412 /* Cocoa.framework */ = {isa = PBXFileReference; lastKnownFileType = wrapper.framework; name = Cocoa.framework; path = System/Library/Frameworks/Cocoa.framework; sourceTree = SDKROOT; };
		42DF9217186FDCF900B26412 /* Demo-Info.plist */ = {isa = PBXFileReference; lastKnownFileType = text.plist.xml; path = "Demo-Info.plist"; sourceTree = "<group>"; };
		42DF9219186FDCF900B26412 /* en */ = {isa = PBXFileReference; lastKnownFileType = text.plist.strings; name = en; path = en.lproj/InfoPlist.strings; sourceTree = "<group>"; };
		42DF921B186FDCF900B26412 /* main.m */ = {isa = PBXFileReference; lastKnownFileType = sourcecode.c.objc; path = main.m; sourceTree = "<group>"; };
		42DF921D186FDCF900B26412 /* Demo-Prefix.pch */ = {isa = PBXFileReference; lastKnownFileType = sourcecode.c.h; path = "Demo-Prefix.pch"; sourceTree = "<group>"; };
		42DF921F186FDCF900B26412 /* en */ = {isa = PBXFileReference; lastKnownFileType = text.rtf; name = en; path = en.lproj/Credits.rtf; sourceTree = "<group>"; };
		42DF9221186FDCF900B26412 /* AppDelegate.h */ = {isa = PBXFileReference; lastKnownFileType = sourcecode.c.h; path = AppDelegate.h; sourceTree = "<group>"; };
		42DF9222186FDCF900B26412 /* AppDelegate.m */ = {isa = PBXFileReference; lastKnownFileType = sourcecode.c.objc; path = AppDelegate.m; sourceTree = "<group>"; };
		42DF9225186FDCF900B26412 /* Base */ = {isa = PBXFileReference; lastKnownFileType = file.xib; name = Base; path = Base.lproj/MainMenu.xib; sourceTree = "<group>"; };
		42DF9227186FDCF900B26412 /* Images.xcassets */ = {isa = PBXFileReference; lastKnownFileType = folder.assetcatalog; path = Images.xcassets; sourceTree = "<group>"; };
		42DF922E186FDCFA00B26412 /* XCTest.framework */ = {isa = PBXFileReference; lastKnownFileType = wrapper.framework; name = XCTest.framework; path = Library/Frameworks/XCTest.framework; sourceTree = DEVELOPER_DIR; };
		C0D069550A49DF9100C95564 /* InterfaceBuilderKit.framework */ = {isa = PBXFileReference; lastKnownFileType = wrapper.framework; name = InterfaceBuilderKit.framework; path = /Developer/Library/Frameworks/InterfaceBuilderKit.framework; sourceTree = "<absolute>"; };
		D3179D7525E94CE4BDBF559F /* Pods-Demo.xcconfig */ = {isa = PBXFileReference; includeInIndex = 1; lastKnownFileType = text.xcconfig; name = "Pods-Demo.xcconfig"; path = "Pods/Pods-Demo.xcconfig"; sourceTree = "<group>"; };
		DD92D38A0106425D02CA0E72 /* Cocoa.framework */ = {isa = PBXFileReference; lastKnownFileType = wrapper.framework; name = Cocoa.framework; path = /System/Library/Frameworks/Cocoa.framework; sourceTree = "<absolute>"; };
		F789008B7EC24D058FA5C43F /* libPods-Demo.a */ = {isa = PBXFileReference; explicitFileType = archive.ar; includeInIndex = 0; path = "libPods-Demo.a"; sourceTree = BUILT_PRODUCTS_DIR; };
/* End PBXFileReference section */

/* Begin PBXFrameworksBuildPhase section */
		42DF920F186FDCF900B26412 /* Frameworks */ = {
			isa = PBXFrameworksBuildPhase;
			buildActionMask = 2147483647;
			files = (
				42DF9214186FDCF900B26412 /* Cocoa.framework in Frameworks */,
				B534667AB68E43E5BF081ED0 /* libPods-Demo.a in Frameworks */,
			);
			runOnlyForDeploymentPostprocessing = 0;
		};
/* End PBXFrameworksBuildPhase section */

/* Begin PBXGroup section */
		0259C574FE90428111CA0C5A /* NCToolkit */ = {
			isa = PBXGroup;
			children = (
				4266691F1870E2AA00F16FB0 /* Assets */,
				42A97AE9186FDC0800CDE1D3 /* Resources */,
				422F201A11A84E730029C47A /* source */,
				42DF9215186FDCF900B26412 /* Demo */,
				1ED78706FE9D4A0611CA0C5A /* Products */,
				2E58F364FFB232C311CA0CBA /* Frameworks */,
				D3179D7525E94CE4BDBF559F /* Pods-Demo.xcconfig */,
			);
			name = NCToolkit;
			sourceTree = "<group>";
		};
		13F8B6FD07B43410008AE28D /* Linked Frameworks */ = {
			isa = PBXGroup;
			children = (
				428DCD3311E52DB80048B3C6 /* Carbon.framework */,
				422F205311A851420029C47A /* Cocoa.framework */,
				42C1556B115615B7000A0547 /* Quartz.framework */,
				DD92D38A0106425D02CA0E72 /* Cocoa.framework */,
				C0D069550A49DF9100C95564 /* InterfaceBuilderKit.framework */,
				42271FB511D14AE700E5FFE1 /* WebKit.framework */,
			);
			name = "Linked Frameworks";
			sourceTree = "<group>";
		};
		13F8B70407B43425008AE28D /* Other Frameworks */ = {
			isa = PBXGroup;
			children = (
				13F8B88807B434F6008AE28D /* AppKit.framework */,
				13F8B88907B434F6008AE28D /* CoreData.framework */,
				13F8B88A07B434F6008AE28D /* Foundation.framework */,
			);
			name = "Other Frameworks";
			sourceTree = "<group>";
		};
		1ED78706FE9D4A0611CA0C5A /* Products */ = {
			isa = PBXGroup;
			children = (
				42DF9212186FDCF900B26412 /* Demo.app */,
			);
			name = Products;
			sourceTree = "<group>";
		};
		2E58F364FFB232C311CA0CBA /* Frameworks */ = {
			isa = PBXGroup;
			children = (
				13F8B6FD07B43410008AE28D /* Linked Frameworks */,
				42DF9213186FDCF900B26412 /* Cocoa.framework */,
				42DF922E186FDCFA00B26412 /* XCTest.framework */,
				13F8B70407B43425008AE28D /* Other Frameworks */,
				F789008B7EC24D058FA5C43F /* libPods-Demo.a */,
			);
			name = Frameworks;
			sourceTree = "<group>";
		};
		422F201A11A84E730029C47A /* source */ = {
			isa = PBXGroup;
			children = (
				42A97A53186FDBF400CDE1D3 /* MAAttachedWindow.h */,
				42A97A54186FDBF400CDE1D3 /* MAAttachedWindow.m */,
				42A97A55186FDBF400CDE1D3 /* MBPreferencesController.h */,
				42A97A56186FDBF400CDE1D3 /* MBPreferencesController.m */,
				42A97A57186FDBF400CDE1D3 /* NCBackground.h */,
				42A97A58186FDBF400CDE1D3 /* NCBackground.m */,
				42A97A59186FDBF400CDE1D3 /* NCCommon.h */,
				42A97A5A186FDBF400CDE1D3 /* NCCommon.m */,
				42A97A5B186FDBF400CDE1D3 /* NCCommonTest.h */,
				42A97A5C186FDBF400CDE1D3 /* NCCommonTest.m */,
				42A97A5D186FDBF400CDE1D3 /* NCCopyOperationDummy.h */,
				42A97A5E186FDBF400CDE1D3 /* NCCopyOperationDummy.m */,
				42A97A5F186FDBF400CDE1D3 /* NCCopyOperationProtocol.h */,
				42A97A60186FDBF400CDE1D3 /* NCCopySheet.h */,
				42A97A61186FDBF400CDE1D3 /* NCCopySheet.m */,
				42A97A62186FDBF400CDE1D3 /* NCDateCell.h */,
				42A97A63186FDBF400CDE1D3 /* NCDateCell.m */,
				42A97A64186FDBF400CDE1D3 /* NCDeleteSheet.h */,
				42A97A65186FDBF400CDE1D3 /* NCDeleteSheet.m */,
				42A97A66186FDBF400CDE1D3 /* NCGotoFolderController.h */,
				42A97A67186FDBF400CDE1D3 /* NCGotoFolderController.m */,
				42A97A68186FDBF400CDE1D3 /* NCHelpView.h */,
				42A97A69186FDBF400CDE1D3 /* NCHelpView.m */,
				42A97A6A186FDBF400CDE1D3 /* NCImageAndTextCell.h */,
				42A97A6B186FDBF400CDE1D3 /* NCImageAndTextCell.m */,
				42A97A6C186FDBF400CDE1D3 /* NCImageCache.h */,
				42A97A6D186FDBF400CDE1D3 /* NCImageCache.m */,
				42A97A6E186FDBF400CDE1D3 /* NCInfoView.h */,
				42A97A6F186FDBF400CDE1D3 /* NCInfoView.m */,
				42A97A70186FDBF400CDE1D3 /* NCLister.h */,
				42A97A71186FDBF400CDE1D3 /* NCLister.m */,
				42A97A72186FDBF400CDE1D3 /* NCListerBreadcrumb.h */,
				42A97A73186FDBF400CDE1D3 /* NCListerBreadcrumb.m */,
				42A97A74186FDBF400CDE1D3 /* NCListerCell.h */,
				42A97A75186FDBF400CDE1D3 /* NCListerCell.m */,
				42A97A76186FDBF500CDE1D3 /* NCListerCounter.h */,
				42A97A77186FDBF500CDE1D3 /* NCListerCounter.m */,
				42A97A78186FDBF500CDE1D3 /* NCListerDataSource.h */,
				42A97A79186FDBF500CDE1D3 /* NCListerDataSourceAdvanced.h */,
				42A97A7A186FDBF500CDE1D3 /* NCListerDataSourceAdvanced.m */,
				42A97A7B186FDBF500CDE1D3 /* NCListerItem.h */,
				42A97A7C186FDBF500CDE1D3 /* NCListerItem.m */,
				42A97A7D186FDBF500CDE1D3 /* NCListerScroller.h */,
				42A97A7E186FDBF500CDE1D3 /* NCListerScroller.m */,
				42A97A7F186FDBF500CDE1D3 /* NCListerTableHeaderView.h */,
				42A97A80186FDBF500CDE1D3 /* NCListerTableHeaderView.m */,
				42A97A81186FDBF500CDE1D3 /* NCListerTableTextCell.h */,
				42A97A82186FDBF500CDE1D3 /* NCListerTableTextCell.m */,
				42A97A83186FDBF500CDE1D3 /* NCListerTableView.h */,
				42A97A84186FDBF500CDE1D3 /* NCListerTableView.m */,
				42A97A85186FDBF500CDE1D3 /* NCMakeDirController.h */,
				42A97A86186FDBF500CDE1D3 /* NCMakeDirController.m */,
				42A97A87186FDBF500CDE1D3 /* NCMakeFileController.h */,
				42A97A88186FDBF500CDE1D3 /* NCMakeFileController.m */,
				42A97A89186FDBF500CDE1D3 /* NCMakeLinkController.h */,
				42A97A8A186FDBF500CDE1D3 /* NCMakeLinkController.m */,
				42A97A8B186FDBF500CDE1D3 /* NCMoveOperationDummy.h */,
				42A97A8C186FDBF500CDE1D3 /* NCMoveOperationDummy.m */,
				42A97A8D186FDBF500CDE1D3 /* NCMoveOperationProtocol.h */,
				42A97A8E186FDBF500CDE1D3 /* NCMoveSheet.h */,
				42A97A8F186FDBF500CDE1D3 /* NCMoveSheet.m */,
				42A97A90186FDBF500CDE1D3 /* NCPathControl.h */,
				42A97A91186FDBF500CDE1D3 /* NCPathControl.m */,
				42A97A92186FDBF500CDE1D3 /* NCPermissionCell.h */,
				42A97A93186FDBF500CDE1D3 /* NCPermissionCell.m */,
				42A97A94186FDBF500CDE1D3 /* NCPermissionSheet.h */,
				42A97A95186FDBF500CDE1D3 /* NCPermissionSheet.m */,
				42A97A96186FDBF500CDE1D3 /* NCPreferencesAdvancedController.h */,
				42A97A97186FDBF500CDE1D3 /* NCPreferencesAdvancedController.m */,
				42A97A98186FDBF500CDE1D3 /* NCPreferencesBookmarkController.h */,
				42A97A99186FDBF500CDE1D3 /* NCPreferencesBookmarkController.m */,
				42A97A9A186FDBF500CDE1D3 /* NCPreferencesGeneralController.h */,
				42A97A9B186FDBF500CDE1D3 /* NCPreferencesGeneralController.m */,
				42A97A9C186FDBF500CDE1D3 /* NCPreferencesMenuController.h */,
				42A97A9D186FDBF500CDE1D3 /* NCPreferencesMenuController.m */,
				42A97A9E186FDBF500CDE1D3 /* NCSplitView.h */,
				42A97A9F186FDBF500CDE1D3 /* NCSplitView.m */,
				42A97AA0186FDBF500CDE1D3 /* NCTableHeaderCell.h */,
				42A97AA1186FDBF500CDE1D3 /* NCTableHeaderCell.m */,
				42A97AA2186FDBF500CDE1D3 /* NCTableHeaderView.h */,
				42A97AA3186FDBF500CDE1D3 /* NCTableHeaderView.m */,
				42A97AA4186FDBF500CDE1D3 /* NCVolumeStatus.h */,
				42A97AA5186FDBF500CDE1D3 /* NCVolumeStatus.m */,
				42A97AA6186FDBF500CDE1D3 /* NSArray+PrependPath.h */,
				42A97AA7186FDBF500CDE1D3 /* NSArray+PrependPath.m */,
				42A97AA8186FDBF500CDE1D3 /* NSArray+PrependPathTest.h */,
				42A97AA9186FDBF500CDE1D3 /* NSArray+PrependPathTest.m */,
				42A97AAA186FDBF500CDE1D3 /* NSGradient+PredefinedGradients.h */,
				42A97AAB186FDBF500CDE1D3 /* NSGradient+PredefinedGradients.m */,
				42A97AAC186FDBF500CDE1D3 /* NSImage+ImageNamedForClass.h */,
				42A97AAD186FDBF500CDE1D3 /* NSImage+ImageNamedForClass.m */,
				42A97AAE186FDBF500CDE1D3 /* NSMutableArray+Shuffling.h */,
				42A97AAF186FDBF500CDE1D3 /* NSMutableArray+Shuffling.m */,
				42A97AB0186FDBF500CDE1D3 /* NSTableView+ColumnLayout.h */,
				42A97AB1186FDBF500CDE1D3 /* NSTableView+ColumnLayout.m */,
				42A97AB2186FDBF500CDE1D3 /* NSTabView+SwitchExtensions.h */,
				42A97AB3186FDBF500CDE1D3 /* NSTabView+SwitchExtensions.m */,
				42A97AB4186FDBF500CDE1D3 /* NSView+SubviewExtensions.h */,
				42A97AB5186FDBF500CDE1D3 /* NSView+SubviewExtensions.m */,
				42A97AB6186FDBF500CDE1D3 /* VerticalLayoutView.h */,
				42A97AB7186FDBF500CDE1D3 /* VerticalLayoutView.m */,
				42B200711870ACD700208D1A /* NSBundle+NewtonCommanderUIBundle.h */,
				42B200721870ACD700208D1A /* NSBundle+NewtonCommanderUIBundle.m */,
			);
			name = source;
			path = ../Classes/osx;
			sourceTree = "<group>";
		};
		4266691F1870E2AA00F16FB0 /* Assets */ = {
			isa = PBXGroup;
			children = (
				426669201870E2AA00F16FB0 /* AppearancePreferences.png */,
				426669211870E2AA00F16FB0 /* bookmark_icon.png */,
				426669221870E2AA00F16FB0 /* FontsColors.png */,
				426669231870E2AA00F16FB0 /* mkdir.png */,
				426669241870E2AA00F16FB0 /* mkfile.png */,
			);
			name = Assets;
			path = ../Assets;
			sourceTree = "<group>";
		};
		42A97AE9186FDC0800CDE1D3 /* Resources */ = {
			isa = PBXGroup;
			children = (
				426668F91870E28F00F16FB0 /* cd_parent_dir.png */,
				426668FA1870E28F00F16FB0 /* cd_parent_dir2.png */,
				426668FB1870E28F00F16FB0 /* go_back.icns */,
				426668FC1870E28F00F16FB0 /* go_back1.png */,
				426668FD1870E28F00F16FB0 /* GotoFolder.xib */,
				426668FE1870E28F00F16FB0 /* MakeDir.xib */,
				426668FF1870E28F00F16FB0 /* MakeFile.xib */,
				426669001870E28F00F16FB0 /* MakeLink.xib */,
				426669011870E28F00F16FB0 /* PreferencesAdvanced.xib */,
				426669021870E28F00F16FB0 /* PreferencesBookmark.xib */,
				426669031870E28F00F16FB0 /* PreferencesGeneral.xib */,
				426669041870E28F00F16FB0 /* PreferencesMenu.xib */,
				426669051870E28F00F16FB0 /* SmallGenericDocumentIcon.png */,
				426669061870E28F00F16FB0 /* SmallGenericDocumentIconLink.png */,
				426669071870E28F00F16FB0 /* SmallGenericFolderIcon.png */,
				426669081870E28F00F16FB0 /* SmallGenericFolderIconLink.png */,
				426669091870E28F00F16FB0 /* test.html */,
				4266690A1870E28F00F16FB0 /* unknown_link.png */,
				4266690B1870E28F00F16FB0 /* unknown.png */,
			);
			name = Resources;
			path = ../NewtonCommanderUIBundle;
			sourceTree = "<group>";
		};
		42DF9215186FDCF900B26412 /* Demo */ = {
			isa = PBXGroup;
			children = (
				42DF9221186FDCF900B26412 /* AppDelegate.h */,
				42DF9222186FDCF900B26412 /* AppDelegate.m */,
				42DF9224186FDCF900B26412 /* MainMenu.xib */,
				42DF9227186FDCF900B26412 /* Images.xcassets */,
				42DF9216186FDCF900B26412 /* Supporting Files */,
			);
			path = Demo;
			sourceTree = "<group>";
		};
		42DF9216186FDCF900B26412 /* Supporting Files */ = {
			isa = PBXGroup;
			children = (
				42DF9217186FDCF900B26412 /* Demo-Info.plist */,
				42DF9218186FDCF900B26412 /* InfoPlist.strings */,
				42DF921B186FDCF900B26412 /* main.m */,
				42DF921D186FDCF900B26412 /* Demo-Prefix.pch */,
				42DF921E186FDCF900B26412 /* Credits.rtf */,
			);
			name = "Supporting Files";
			sourceTree = "<group>";
		};
/* End PBXGroup section */

/* Begin PBXNativeTarget section */
		42DF9211186FDCF900B26412 /* Demo */ = {
			isa = PBXNativeTarget;
			buildConfigurationList = 42DF923B186FDCFA00B26412 /* Build configuration list for PBXNativeTarget "Demo" */;
			buildPhases = (
				849FEB8E1F954760A89F1A24 /* Check Pods Manifest.lock */,
				42DF920E186FDCF900B26412 /* Sources */,
				42DF920F186FDCF900B26412 /* Frameworks */,
				42DF9210186FDCF900B26412 /* Resources */,
				82444B0933A74BF5ABF7088A /* Copy Pods Resources */,
			);
			buildRules = (
			);
			dependencies = (
			);
			name = Demo;
			productName = Demo;
			productReference = 42DF9212186FDCF900B26412 /* Demo.app */;
			productType = "com.apple.product-type.application";
		};
/* End PBXNativeTarget section */

/* Begin PBXProject section */
		0259C573FE90428111CA0C5A /* Project object */ = {
			isa = PBXProject;
			attributes = {
				LastUpgradeCheck = 0500;
			};
			buildConfigurationList = C056398B08A954F8003078D8 /* Build configuration list for PBXProject "NewtonCommanderUI" */;
			compatibilityVersion = "Xcode 3.2";
			developmentRegion = English;
			hasScannedForEncodings = 1;
			knownRegions = (
				English,
				Japanese,
				French,
				German,
				en,
				Base,
			);
			mainGroup = 0259C574FE90428111CA0C5A /* NCToolkit */;
			projectDirPath = "";
			projectRoot = "";
			targets = (
				42DF9211186FDCF900B26412 /* Demo */,
			);
		};
/* End PBXProject section */

/* Begin PBXResourcesBuildPhase section */
		42DF9210186FDCF900B26412 /* Resources */ = {
			isa = PBXResourcesBuildPhase;
			buildActionMask = 2147483647;
			files = (
				42DF921A186FDCF900B26412 /* InfoPlist.strings in Resources */,
				42DF9228186FDCF900B26412 /* Images.xcassets in Resources */,
				42DF9220186FDCF900B26412 /* Credits.rtf in Resources */,
				42DF9226186FDCF900B26412 /* MainMenu.xib in Resources */,
			);
			runOnlyForDeploymentPostprocessing = 0;
		};
/* End PBXResourcesBuildPhase section */

/* Begin PBXShellScriptBuildPhase section */
		82444B0933A74BF5ABF7088A /* Copy Pods Resources */ = {
			isa = PBXShellScriptBuildPhase;
			buildActionMask = 2147483647;
			files = (
			);
			inputPaths = (
			);
			name = "Copy Pods Resources";
			outputPaths = (
			);
			runOnlyForDeploymentPostprocessing = 0;
			shellPath = /bin/sh;
			shellScript = "\"${SRCROOT}/Pods/Pods-Demo-resources.sh\"\n";
			showEnvVarsInLog = 0;
		};
		849FEB8E1F954760A89F1A24 /* Check Pods Manifest.lock */ = {
			isa = PBXShellScriptBuildPhase;
			buildActionMask = 2147483647;
			files = (
			);
			inputPaths = (
			);
			name = "Check Pods Manifest.lock";
			outputPaths = (
			);
			runOnlyForDeploymentPostprocessing = 0;
			shellPath = /bin/sh;
			shellScript = "diff \"${PODS_ROOT}/../Podfile.lock\" \"${PODS_ROOT}/Manifest.lock\" > /dev/null\nif [[ $? != 0 ]] ; then\n    cat << EOM\nerror: The sandbox is not in sync with the Podfile.lock. Run 'pod install' or update your CocoaPods installation.\nEOM\n    exit 1\nfi\n";
			showEnvVarsInLog = 0;
		};
/* End PBXShellScriptBuildPhase section */

/* Begin PBXSourcesBuildPhase section */
		42DF920E186FDCF900B26412 /* Sources */ = {
			isa = PBXSourcesBuildPhase;
			buildActionMask = 2147483647;
			files = (
				42DF9223186FDCF900B26412 /* AppDelegate.m in Sources */,
				42DF921C186FDCF900B26412 /* main.m in Sources */,
			);
			runOnlyForDeploymentPostprocessing = 0;
		};
/* End PBXSourcesBuildPhase section */

/* Begin PBXVariantGroup section */
		42DF9218186FDCF900B26412 /* InfoPlist.strings */ = {
			isa = PBXVariantGroup;
			children = (
				42DF9219186FDCF900B26412 /* en */,
			);
			name = InfoPlist.strings;
			sourceTree = "<group>";
		};
		42DF921E186FDCF900B26412 /* Credits.rtf */ = {
			isa = PBXVariantGroup;
			children = (
				42DF921F186FDCF900B26412 /* en */,
			);
			name = Credits.rtf;
			sourceTree = "<group>";
		};
		42DF9224186FDCF900B26412 /* MainMenu.xib */ = {
			isa = PBXVariantGroup;
			children = (
				42DF9225186FDCF900B26412 /* Base */,
			);
			name = MainMenu.xib;
			sourceTree = "<group>";
		};
/* End PBXVariantGroup section */

/* Begin XCBuildConfiguration section */
		42DF923C186FDCFA00B26412 /* Debug */ = {
			isa = XCBuildConfiguration;
			baseConfigurationReference = D3179D7525E94CE4BDBF559F /* Pods-Demo.xcconfig */;
			buildSettings = {
				ALWAYS_SEARCH_USER_PATHS = NO;
				ASSETCATALOG_COMPILER_APPICON_NAME = AppIcon;
				CLANG_CXX_LANGUAGE_STANDARD = "gnu++0x";
				CLANG_CXX_LIBRARY = "libc++";
				CLANG_ENABLE_OBJC_ARC = YES;
				CLANG_WARN_BOOL_CONVERSION = YES;
				CLANG_WARN_CONSTANT_CONVERSION = YES;
				CLANG_WARN_DIRECT_OBJC_ISA_USAGE = YES_ERROR;
				CLANG_WARN_EMPTY_BODY = YES;
				CLANG_WARN_ENUM_CONVERSION = YES;
				CLANG_WARN_INT_CONVERSION = YES;
				CLANG_WARN_OBJC_ROOT_CLASS = YES_ERROR;
				CLANG_WARN__DUPLICATE_METHOD_MATCH = YES;
				COMBINE_HIDPI_IMAGES = YES;
				COPY_PHASE_STRIP = NO;
				GCC_DYNAMIC_NO_PIC = NO;
				GCC_ENABLE_OBJC_EXCEPTIONS = YES;
				GCC_OPTIMIZATION_LEVEL = 0;
				GCC_PRECOMPILE_PREFIX_HEADER = YES;
				GCC_PREFIX_HEADER = "Demo/Demo-Prefix.pch";
				GCC_PREPROCESSOR_DEFINITIONS = (
					"DEBUG=1",
					"$(inherited)",
				);
				GCC_SYMBOLS_PRIVATE_EXTERN = NO;
				GCC_WARN_64_TO_32_BIT_CONVERSION = YES;
				GCC_WARN_ABOUT_RETURN_TYPE = YES_ERROR;
				GCC_WARN_UNDECLARED_SELECTOR = YES;
				GCC_WARN_UNINITIALIZED_AUTOS = YES;
				GCC_WARN_UNUSED_FUNCTION = YES;
				INFOPLIST_FILE = "Demo/Demo-Info.plist";
				MACOSX_DEPLOYMENT_TARGET = 10.9;
				PRODUCT_NAME = "$(TARGET_NAME)";
				WRAPPER_EXTENSION = app;
			};
			name = Debug;
		};
		42DF923D186FDCFA00B26412 /* Release */ = {
			isa = XCBuildConfiguration;
			baseConfigurationReference = D3179D7525E94CE4BDBF559F /* Pods-Demo.xcconfig */;
			buildSettings = {
				ALWAYS_SEARCH_USER_PATHS = NO;
				ASSETCATALOG_COMPILER_APPICON_NAME = AppIcon;
				CLANG_CXX_LANGUAGE_STANDARD = "gnu++0x";
				CLANG_CXX_LIBRARY = "libc++";
				CLANG_ENABLE_OBJC_ARC = YES;
				CLANG_WARN_BOOL_CONVERSION = YES;
				CLANG_WARN_CONSTANT_CONVERSION = YES;
				CLANG_WARN_DIRECT_OBJC_ISA_USAGE = YES_ERROR;
				CLANG_WARN_EMPTY_BODY = YES;
				CLANG_WARN_ENUM_CONVERSION = YES;
				CLANG_WARN_INT_CONVERSION = YES;
				CLANG_WARN_OBJC_ROOT_CLASS = YES_ERROR;
				CLANG_WARN__DUPLICATE_METHOD_MATCH = YES;
				COMBINE_HIDPI_IMAGES = YES;
				COPY_PHASE_STRIP = YES;
				DEBUG_INFORMATION_FORMAT = "dwarf-with-dsym";
				ENABLE_NS_ASSERTIONS = NO;
				GCC_ENABLE_OBJC_EXCEPTIONS = YES;
				GCC_PRECOMPILE_PREFIX_HEADER = YES;
				GCC_PREFIX_HEADER = "Demo/Demo-Prefix.pch";
				GCC_WARN_64_TO_32_BIT_CONVERSION = YES;
				GCC_WARN_ABOUT_RETURN_TYPE = YES_ERROR;
				GCC_WARN_UNDECLARED_SELECTOR = YES;
				GCC_WARN_UNINITIALIZED_AUTOS = YES;
				GCC_WARN_UNUSED_FUNCTION = YES;
				INFOPLIST_FILE = "Demo/Demo-Info.plist";
				MACOSX_DEPLOYMENT_TARGET = 10.9;
				PRODUCT_NAME = "$(TARGET_NAME)";
				WRAPPER_EXTENSION = app;
			};
			name = Release;
		};
		C056398C08A954F8003078D8 /* Debug */ = {
			isa = XCBuildConfiguration;
			buildSettings = {
				ARCHS = "$(ARCHS_STANDARD_32_64_BIT)";
				GCC_C_LANGUAGE_STANDARD = gnu99;
				GCC_MODEL_TUNING = "";
				GCC_WARN_ABOUT_RETURN_TYPE = YES;
				GCC_WARN_UNUSED_VARIABLE = YES;
				ONLY_ACTIVE_ARCH = YES;
				SDKROOT = macosx;
			};
			name = Debug;
		};
		C056398D08A954F8003078D8 /* Release */ = {
			isa = XCBuildConfiguration;
			buildSettings = {
				ARCHS = "$(ARCHS_STANDARD_32_64_BIT)";
				GCC_C_LANGUAGE_STANDARD = gnu99;
				GCC_MODEL_TUNING = "";
				GCC_WARN_ABOUT_RETURN_TYPE = YES;
				GCC_WARN_UNUSED_VARIABLE = YES;
				SDKROOT = macosx;
			};
			name = Release;
		};
/* End XCBuildConfiguration section */

/* Begin XCConfigurationList section */
		42DF923B186FDCFA00B26412 /* Build configuration list for PBXNativeTarget "Demo" */ = {
			isa = XCConfigurationList;
			buildConfigurations = (
				42DF923C186FDCFA00B26412 /* Debug */,
				42DF923D186FDCFA00B26412 /* Release */,
			);
			defaultConfigurationIsVisible = 0;
			defaultConfigurationName = Release;
		};
		C056398B08A954F8003078D8 /* Build configuration list for PBXProject "NewtonCommanderUI" */ = {
			isa = XCConfigurationList;
			buildConfigurations = (
				C056398C08A954F8003078D8 /* Debug */,
				C056398D08A954F8003078D8 /* Release */,
			);
			defaultConfigurationIsVisible = 0;
			defaultConfigurationName = Release;
		};
/* End XCConfigurationList section */
	};
	rootObject = 0259C573FE90428111CA0C5A /* Project object */;
}
