// !$*UTF8*$!
{
	archiveVersion = 1;
	classes = {
	};
	objectVersion = 46;
	objects = {

/* Begin PBXBuildFile section */
		4282E8451876C54A00A98954 /* SenTestingKit.framework in Frameworks */ = {isa = PBXBuildFile; fileRef = 4282E8441876C54A00A98954 /* SenTestingKit.framework */; };
		4282E84B1876C54A00A98954 /* InfoPlist.strings in Resources */ = {isa = PBXBuildFile; fileRef = 4282E8491876C54A00A98954 /* InfoPlist.strings */; };
		4282E8581876C57C00A98954 /* NCCommonTest.m in Sources */ = {isa = PBXBuildFile; fileRef = 4282E8551876C57C00A98954 /* NCCommonTest.m */; };
		4282E8591876C57C00A98954 /* NSArray+PrependPathTest.m in Sources */ = {isa = PBXBuildFile; fileRef = 4282E8571876C57C00A98954 /* NSArray+PrependPathTest.m */; };
		42886A1E18788B5900BDD128 /* Cocoa.framework in Frameworks */ = {isa = PBXBuildFile; fileRef = 42DF9213186FDCF900B26412 /* Cocoa.framework */; };
		42886A2418788B5900BDD128 /* InfoPlist.strings in Resources */ = {isa = PBXBuildFile; fileRef = 42886A2218788B5900BDD128 /* InfoPlist.strings */; };
		42886A2618788B5900BDD128 /* main.m in Sources */ = {isa = PBXBuildFile; fileRef = 42886A2518788B5900BDD128 /* main.m */; };
		42886A2A18788B5900BDD128 /* Credits.rtf in Resources */ = {isa = PBXBuildFile; fileRef = 42886A2818788B5900BDD128 /* Credits.rtf */; };
		42886A2D18788B5900BDD128 /* AppDelegate.m in Sources */ = {isa = PBXBuildFile; fileRef = 42886A2C18788B5900BDD128 /* AppDelegate.m */; };
		42886A3018788B5900BDD128 /* MainMenu.xib in Resources */ = {isa = PBXBuildFile; fileRef = 42886A2E18788B5900BDD128 /* MainMenu.xib */; };
		42886A3218788B5900BDD128 /* Images.xcassets in Resources */ = {isa = PBXBuildFile; fileRef = 42886A3118788B5900BDD128 /* Images.xcassets */; };
		42886A4F1878916500BDD128 /* Cocoa.framework in Frameworks */ = {isa = PBXBuildFile; fileRef = 42DF9213186FDCF900B26412 /* Cocoa.framework */; };
		42886A551878916500BDD128 /* InfoPlist.strings in Resources */ = {isa = PBXBuildFile; fileRef = 42886A531878916500BDD128 /* InfoPlist.strings */; };
		42886A571878916500BDD128 /* main.m in Sources */ = {isa = PBXBuildFile; fileRef = 42886A561878916500BDD128 /* main.m */; };
		42886A5B1878916500BDD128 /* Credits.rtf in Resources */ = {isa = PBXBuildFile; fileRef = 42886A591878916500BDD128 /* Credits.rtf */; };
		42886A5E1878916500BDD128 /* AppDelegate.m in Sources */ = {isa = PBXBuildFile; fileRef = 42886A5D1878916500BDD128 /* AppDelegate.m */; };
		42886A611878916500BDD128 /* MainMenu.xib in Resources */ = {isa = PBXBuildFile; fileRef = 42886A5F1878916500BDD128 /* MainMenu.xib */; };
		42886A631878916500BDD128 /* Images.xcassets in Resources */ = {isa = PBXBuildFile; fileRef = 42886A621878916500BDD128 /* Images.xcassets */; };
		42DF9214186FDCF900B26412 /* Cocoa.framework in Frameworks */ = {isa = PBXBuildFile; fileRef = 42DF9213186FDCF900B26412 /* Cocoa.framework */; };
		42DF921A186FDCF900B26412 /* InfoPlist.strings in Resources */ = {isa = PBXBuildFile; fileRef = 42DF9218186FDCF900B26412 /* InfoPlist.strings */; };
		42DF921C186FDCF900B26412 /* main.m in Sources */ = {isa = PBXBuildFile; fileRef = 42DF921B186FDCF900B26412 /* main.m */; };
		42DF9220186FDCF900B26412 /* Credits.rtf in Resources */ = {isa = PBXBuildFile; fileRef = 42DF921E186FDCF900B26412 /* Credits.rtf */; };
		42DF9223186FDCF900B26412 /* AppDelegate.m in Sources */ = {isa = PBXBuildFile; fileRef = 42DF9222186FDCF900B26412 /* AppDelegate.m */; };
		42DF9226186FDCF900B26412 /* MainMenu.xib in Resources */ = {isa = PBXBuildFile; fileRef = 42DF9224186FDCF900B26412 /* MainMenu.xib */; };
		42DF9228186FDCF900B26412 /* Images.xcassets in Resources */ = {isa = PBXBuildFile; fileRef = 42DF9227186FDCF900B26412 /* Images.xcassets */; };
		B534667AB68E43E5BF081ED0 /* libPods-Demo.a in Frameworks */ = {isa = PBXBuildFile; fileRef = F789008B7EC24D058FA5C43F /* libPods-Demo.a */; };
		DBB7694BDE3E43E3A2D9501B /* libPods-Tests.a in Frameworks */ = {isa = PBXBuildFile; fileRef = 0B9B28AB52FD45DABAE1203B /* libPods-Tests.a */; };
		DCD2CD6BA2B748D9868BA2FC /* libPods-DemoCopy.a in Frameworks */ = {isa = PBXBuildFile; fileRef = F8DD6CF703964F5D8DC811C2 /* libPods-DemoCopy.a */; };
		ED34013F56AE4CD1B421999C /* libPods-DemoMove.a in Frameworks */ = {isa = PBXBuildFile; fileRef = 9C76E6926B8942BCAAAC0F09 /* libPods-DemoMove.a */; };
/* End PBXBuildFile section */

/* Begin PBXContainerItemProxy section */
		4282E84F1876C54A00A98954 /* PBXContainerItemProxy */ = {
			isa = PBXContainerItemProxy;
			containerPortal = 0259C573FE90428111CA0C5A /* Project object */;
			proxyType = 1;
			remoteGlobalIDString = 42DF9211186FDCF900B26412;
			remoteInfo = Demo;
		};
/* End PBXContainerItemProxy section */

/* Begin PBXFileReference section */
		0B9B28AB52FD45DABAE1203B /* libPods-Tests.a */ = {isa = PBXFileReference; explicitFileType = archive.ar; includeInIndex = 0; path = "libPods-Tests.a"; sourceTree = BUILT_PRODUCTS_DIR; };
		13F8B88807B434F6008AE28D /* AppKit.framework */ = {isa = PBXFileReference; lastKnownFileType = wrapper.framework; name = AppKit.framework; path = /System/Library/Frameworks/AppKit.framework; sourceTree = "<absolute>"; };
		13F8B88907B434F6008AE28D /* CoreData.framework */ = {isa = PBXFileReference; lastKnownFileType = wrapper.framework; name = CoreData.framework; path = /System/Library/Frameworks/CoreData.framework; sourceTree = "<absolute>"; };
		13F8B88A07B434F6008AE28D /* Foundation.framework */ = {isa = PBXFileReference; lastKnownFileType = wrapper.framework; name = Foundation.framework; path = /System/Library/Frameworks/Foundation.framework; sourceTree = "<absolute>"; };
		42271FB511D14AE700E5FFE1 /* WebKit.framework */ = {isa = PBXFileReference; lastKnownFileType = wrapper.framework; name = WebKit.framework; path = System/Library/Frameworks/WebKit.framework; sourceTree = SDKROOT; };
		422F205311A851420029C47A /* Cocoa.framework */ = {isa = PBXFileReference; lastKnownFileType = wrapper.framework; name = Cocoa.framework; path = System/Library/Frameworks/Cocoa.framework; sourceTree = SDKROOT; };
		426668F91870E28F00F16FB0 /* cd_parent_dir.png */ = {isa = PBXFileReference; lastKnownFileType = image.png; path = cd_parent_dir.png; sourceTree = "<group>"; };
		426668FA1870E28F00F16FB0 /* cd_parent_dir2.png */ = {isa = PBXFileReference; lastKnownFileType = image.png; path = cd_parent_dir2.png; sourceTree = "<group>"; };
		426668FB1870E28F00F16FB0 /* go_back.icns */ = {isa = PBXFileReference; lastKnownFileType = image.icns; path = go_back.icns; sourceTree = "<group>"; };
		426668FC1870E28F00F16FB0 /* go_back1.png */ = {isa = PBXFileReference; lastKnownFileType = image.png; path = go_back1.png; sourceTree = "<group>"; };
		426668FD1870E28F00F16FB0 /* GotoFolder.xib */ = {isa = PBXFileReference; fileEncoding = 4; lastKnownFileType = file.xib; path = GotoFolder.xib; sourceTree = "<group>"; };
		426668FE1870E28F00F16FB0 /* MakeDir.xib */ = {isa = PBXFileReference; fileEncoding = 4; lastKnownFileType = file.xib; path = MakeDir.xib; sourceTree = "<group>"; };
		426668FF1870E28F00F16FB0 /* MakeFile.xib */ = {isa = PBXFileReference; fileEncoding = 4; lastKnownFileType = file.xib; path = MakeFile.xib; sourceTree = "<group>"; };
		426669001870E28F00F16FB0 /* MakeLink.xib */ = {isa = PBXFileReference; fileEncoding = 4; lastKnownFileType = file.xib; path = MakeLink.xib; sourceTree = "<group>"; };
		426669011870E28F00F16FB0 /* PreferencesAdvanced.xib */ = {isa = PBXFileReference; fileEncoding = 4; lastKnownFileType = file.xib; path = PreferencesAdvanced.xib; sourceTree = "<group>"; };
		426669021870E28F00F16FB0 /* PreferencesBookmark.xib */ = {isa = PBXFileReference; fileEncoding = 4; lastKnownFileType = file.xib; path = PreferencesBookmark.xib; sourceTree = "<group>"; };
		426669031870E28F00F16FB0 /* PreferencesGeneral.xib */ = {isa = PBXFileReference; fileEncoding = 4; lastKnownFileType = file.xib; path = PreferencesGeneral.xib; sourceTree = "<group>"; };
		426669041870E28F00F16FB0 /* PreferencesMenu.xib */ = {isa = PBXFileReference; fileEncoding = 4; lastKnownFileType = file.xib; path = PreferencesMenu.xib; sourceTree = "<group>"; };
		426669051870E28F00F16FB0 /* SmallGenericDocumentIcon.png */ = {isa = PBXFileReference; lastKnownFileType = image.png; path = SmallGenericDocumentIcon.png; sourceTree = "<group>"; };
		426669061870E28F00F16FB0 /* SmallGenericDocumentIconLink.png */ = {isa = PBXFileReference; lastKnownFileType = image.png; path = SmallGenericDocumentIconLink.png; sourceTree = "<group>"; };
		426669071870E28F00F16FB0 /* SmallGenericFolderIcon.png */ = {isa = PBXFileReference; lastKnownFileType = image.png; path = SmallGenericFolderIcon.png; sourceTree = "<group>"; };
		426669081870E28F00F16FB0 /* SmallGenericFolderIconLink.png */ = {isa = PBXFileReference; lastKnownFileType = image.png; path = SmallGenericFolderIconLink.png; sourceTree = "<group>"; };
		426669091870E28F00F16FB0 /* test.html */ = {isa = PBXFileReference; fileEncoding = 4; lastKnownFileType = text.html; path = test.html; sourceTree = "<group>"; };
		4266690A1870E28F00F16FB0 /* unknown_link.png */ = {isa = PBXFileReference; lastKnownFileType = image.png; path = unknown_link.png; sourceTree = "<group>"; };
		4266690B1870E28F00F16FB0 /* unknown.png */ = {isa = PBXFileReference; lastKnownFileType = image.png; path = unknown.png; sourceTree = "<group>"; };
		426669201870E2AA00F16FB0 /* AppearancePreferences.png */ = {isa = PBXFileReference; lastKnownFileType = image.png; path = AppearancePreferences.png; sourceTree = "<group>"; };
		426669211870E2AA00F16FB0 /* bookmark_icon.png */ = {isa = PBXFileReference; lastKnownFileType = image.png; path = bookmark_icon.png; sourceTree = "<group>"; };
		426669221870E2AA00F16FB0 /* FontsColors.png */ = {isa = PBXFileReference; lastKnownFileType = image.png; path = FontsColors.png; sourceTree = "<group>"; };
		426669231870E2AA00F16FB0 /* mkdir.png */ = {isa = PBXFileReference; lastKnownFileType = image.png; path = mkdir.png; sourceTree = "<group>"; };
		426669241870E2AA00F16FB0 /* mkfile.png */ = {isa = PBXFileReference; lastKnownFileType = image.png; path = mkfile.png; sourceTree = "<group>"; };
		4282E8431876C54A00A98954 /* Tests.octest */ = {isa = PBXFileReference; explicitFileType = wrapper.cfbundle; includeInIndex = 0; path = Tests.octest; sourceTree = BUILT_PRODUCTS_DIR; };
		4282E8441876C54A00A98954 /* SenTestingKit.framework */ = {isa = PBXFileReference; lastKnownFileType = wrapper.framework; name = SenTestingKit.framework; path = Library/Frameworks/SenTestingKit.framework; sourceTree = DEVELOPER_DIR; };
		4282E8481876C54A00A98954 /* Tests-Info.plist */ = {isa = PBXFileReference; lastKnownFileType = text.plist.xml; path = "Tests-Info.plist"; sourceTree = "<group>"; };
		4282E84A1876C54A00A98954 /* en */ = {isa = PBXFileReference; lastKnownFileType = text.plist.strings; name = en; path = en.lproj/InfoPlist.strings; sourceTree = "<group>"; };
		4282E84E1876C54A00A98954 /* Tests-Prefix.pch */ = {isa = PBXFileReference; lastKnownFileType = sourcecode.c.h; path = "Tests-Prefix.pch"; sourceTree = "<group>"; };
		4282E8541876C57C00A98954 /* NCCommonTest.h */ = {isa = PBXFileReference; fileEncoding = 4; lastKnownFileType = sourcecode.c.h; path = NCCommonTest.h; sourceTree = "<group>"; };
		4282E8551876C57C00A98954 /* NCCommonTest.m */ = {isa = PBXFileReference; fileEncoding = 4; lastKnownFileType = sourcecode.c.objc; path = NCCommonTest.m; sourceTree = "<group>"; };
		4282E8561876C57C00A98954 /* NSArray+PrependPathTest.h */ = {isa = PBXFileReference; fileEncoding = 4; lastKnownFileType = sourcecode.c.h; path = "NSArray+PrependPathTest.h"; sourceTree = "<group>"; };
		4282E8571876C57C00A98954 /* NSArray+PrependPathTest.m */ = {isa = PBXFileReference; fileEncoding = 4; lastKnownFileType = sourcecode.c.objc; path = "NSArray+PrependPathTest.m"; sourceTree = "<group>"; };
		42886A1D18788B5900BDD128 /* DemoMove.app */ = {isa = PBXFileReference; explicitFileType = wrapper.application; includeInIndex = 0; path = DemoMove.app; sourceTree = BUILT_PRODUCTS_DIR; };
		42886A2118788B5900BDD128 /* DemoMove-Info.plist */ = {isa = PBXFileReference; lastKnownFileType = text.plist.xml; path = "DemoMove-Info.plist"; sourceTree = "<group>"; };
		42886A2318788B5900BDD128 /* en */ = {isa = PBXFileReference; lastKnownFileType = text.plist.strings; name = en; path = en.lproj/InfoPlist.strings; sourceTree = "<group>"; };
		42886A2518788B5900BDD128 /* main.m */ = {isa = PBXFileReference; lastKnownFileType = sourcecode.c.objc; path = main.m; sourceTree = "<group>"; };
		42886A2718788B5900BDD128 /* DemoMove-Prefix.pch */ = {isa = PBXFileReference; lastKnownFileType = sourcecode.c.h; path = "DemoMove-Prefix.pch"; sourceTree = "<group>"; };
		42886A2918788B5900BDD128 /* en */ = {isa = PBXFileReference; lastKnownFileType = text.rtf; name = en; path = en.lproj/Credits.rtf; sourceTree = "<group>"; };
		42886A2B18788B5900BDD128 /* AppDelegate.h */ = {isa = PBXFileReference; lastKnownFileType = sourcecode.c.h; path = AppDelegate.h; sourceTree = "<group>"; };
		42886A2C18788B5900BDD128 /* AppDelegate.m */ = {isa = PBXFileReference; lastKnownFileType = sourcecode.c.objc; path = AppDelegate.m; sourceTree = "<group>"; };
		42886A2F18788B5900BDD128 /* Base */ = {isa = PBXFileReference; lastKnownFileType = file.xib; name = Base; path = Base.lproj/MainMenu.xib; sourceTree = "<group>"; };
		42886A3118788B5900BDD128 /* Images.xcassets */ = {isa = PBXFileReference; lastKnownFileType = folder.assetcatalog; path = Images.xcassets; sourceTree = "<group>"; };
		42886A4E1878916500BDD128 /* DemoCopy.app */ = {isa = PBXFileReference; explicitFileType = wrapper.application; includeInIndex = 0; path = DemoCopy.app; sourceTree = BUILT_PRODUCTS_DIR; };
		42886A521878916500BDD128 /* DemoCopy-Info.plist */ = {isa = PBXFileReference; lastKnownFileType = text.plist.xml; path = "DemoCopy-Info.plist"; sourceTree = "<group>"; };
		42886A541878916500BDD128 /* en */ = {isa = PBXFileReference; lastKnownFileType = text.plist.strings; name = en; path = en.lproj/InfoPlist.strings; sourceTree = "<group>"; };
		42886A561878916500BDD128 /* main.m */ = {isa = PBXFileReference; lastKnownFileType = sourcecode.c.objc; path = main.m; sourceTree = "<group>"; };
		42886A581878916500BDD128 /* DemoCopy-Prefix.pch */ = {isa = PBXFileReference; lastKnownFileType = sourcecode.c.h; path = "DemoCopy-Prefix.pch"; sourceTree = "<group>"; };
		42886A5A1878916500BDD128 /* en */ = {isa = PBXFileReference; lastKnownFileType = text.rtf; name = en; path = en.lproj/Credits.rtf; sourceTree = "<group>"; };
		42886A5C1878916500BDD128 /* AppDelegate.h */ = {isa = PBXFileReference; lastKnownFileType = sourcecode.c.h; path = AppDelegate.h; sourceTree = "<group>"; };
		42886A5D1878916500BDD128 /* AppDelegate.m */ = {isa = PBXFileReference; lastKnownFileType = sourcecode.c.objc; path = AppDelegate.m; sourceTree = "<group>"; };
		42886A601878916500BDD128 /* Base */ = {isa = PBXFileReference; lastKnownFileType = file.xib; name = Base; path = Base.lproj/MainMenu.xib; sourceTree = "<group>"; };
		42886A621878916500BDD128 /* Images.xcassets */ = {isa = PBXFileReference; lastKnownFileType = folder.assetcatalog; path = Images.xcassets; sourceTree = "<group>"; };
		428DCD3311E52DB80048B3C6 /* Carbon.framework */ = {isa = PBXFileReference; lastKnownFileType = wrapper.framework; name = Carbon.framework; path = System/Library/Frameworks/Carbon.framework; sourceTree = SDKROOT; };
		42C1556B115615B7000A0547 /* Quartz.framework */ = {isa = PBXFileReference; lastKnownFileType = wrapper.framework; name = Quartz.framework; path = System/Library/Frameworks/Quartz.framework; sourceTree = SDKROOT; };
		42DF9212186FDCF900B26412 /* Demo.app */ = {isa = PBXFileReference; explicitFileType = wrapper.application; includeInIndex = 0; path = Demo.app; sourceTree = BUILT_PRODUCTS_DIR; };
		42DF9213186FDCF900B26412 /* Cocoa.framework */ = {isa = PBXFileReference; lastKnownFileType = wrapper.framework; name = Cocoa.framework; path = System/Library/Frameworks/Cocoa.framework; sourceTree = SDKROOT; };
		42DF9217186FDCF900B26412 /* Demo-Info.plist */ = {isa = PBXFileReference; lastKnownFileType = text.plist.xml; path = "Demo-Info.plist"; sourceTree = "<group>"; };
		42DF9219186FDCF900B26412 /* en */ = {isa = PBXFileReference; lastKnownFileType = text.plist.strings; name = en; path = en.lproj/InfoPlist.strings; sourceTree = "<group>"; };
		42DF921B186FDCF900B26412 /* main.m */ = {isa = PBXFileReference; lastKnownFileType = sourcecode.c.objc; path = main.m; sourceTree = "<group>"; };
		42DF921D186FDCF900B26412 /* Demo-Prefix.pch */ = {isa = PBXFileReference; lastKnownFileType = sourcecode.c.h; path = "Demo-Prefix.pch"; sourceTree = "<group>"; };
		42DF921F186FDCF900B26412 /* en */ = {isa = PBXFileReference; lastKnownFileType = text.rtf; name = en; path = en.lproj/Credits.rtf; sourceTree = "<group>"; };
		42DF9221186FDCF900B26412 /* AppDelegate.h */ = {isa = PBXFileReference; lastKnownFileType = sourcecode.c.h; path = AppDelegate.h; sourceTree = "<group>"; };
		42DF9222186FDCF900B26412 /* AppDelegate.m */ = {isa = PBXFileReference; lastKnownFileType = sourcecode.c.objc; path = AppDelegate.m; sourceTree = "<group>"; };
		42DF9225186FDCF900B26412 /* Base */ = {isa = PBXFileReference; lastKnownFileType = file.xib; name = Base; path = Base.lproj/MainMenu.xib; sourceTree = "<group>"; };
		42DF9227186FDCF900B26412 /* Images.xcassets */ = {isa = PBXFileReference; lastKnownFileType = folder.assetcatalog; path = Images.xcassets; sourceTree = "<group>"; };
		42DF922E186FDCFA00B26412 /* XCTest.framework */ = {isa = PBXFileReference; lastKnownFileType = wrapper.framework; name = XCTest.framework; path = Library/Frameworks/XCTest.framework; sourceTree = DEVELOPER_DIR; };
		7BA3C130838247CBBDBF4F70 /* Pods-Tests.xcconfig */ = {isa = PBXFileReference; includeInIndex = 1; lastKnownFileType = text.xcconfig; name = "Pods-Tests.xcconfig"; path = "Pods/Pods-Tests.xcconfig"; sourceTree = "<group>"; };
		80983C25D67740B6B2A1BD59 /* Pods-DemoMove.xcconfig */ = {isa = PBXFileReference; includeInIndex = 1; lastKnownFileType = text.xcconfig; name = "Pods-DemoMove.xcconfig"; path = "Pods/Pods-DemoMove.xcconfig"; sourceTree = "<group>"; };
		9C76E6926B8942BCAAAC0F09 /* libPods-DemoMove.a */ = {isa = PBXFileReference; explicitFileType = archive.ar; includeInIndex = 0; path = "libPods-DemoMove.a"; sourceTree = BUILT_PRODUCTS_DIR; };
		C0D069550A49DF9100C95564 /* InterfaceBuilderKit.framework */ = {isa = PBXFileReference; lastKnownFileType = wrapper.framework; name = InterfaceBuilderKit.framework; path = /Developer/Library/Frameworks/InterfaceBuilderKit.framework; sourceTree = "<absolute>"; };
		C11EDFD0699349E3B71C92B2 /* Pods-DemoCopy.xcconfig */ = {isa = PBXFileReference; includeInIndex = 1; lastKnownFileType = text.xcconfig; name = "Pods-DemoCopy.xcconfig"; path = "Pods/Pods-DemoCopy.xcconfig"; sourceTree = "<group>"; };
		D3179D7525E94CE4BDBF559F /* Pods-Demo.xcconfig */ = {isa = PBXFileReference; includeInIndex = 1; lastKnownFileType = text.xcconfig; name = "Pods-Demo.xcconfig"; path = "Pods/Pods-Demo.xcconfig"; sourceTree = "<group>"; };
		DD92D38A0106425D02CA0E72 /* Cocoa.framework */ = {isa = PBXFileReference; lastKnownFileType = wrapper.framework; name = Cocoa.framework; path = /System/Library/Frameworks/Cocoa.framework; sourceTree = "<absolute>"; };
		F789008B7EC24D058FA5C43F /* libPods-Demo.a */ = {isa = PBXFileReference; explicitFileType = archive.ar; includeInIndex = 0; path = "libPods-Demo.a"; sourceTree = BUILT_PRODUCTS_DIR; };
		F8DD6CF703964F5D8DC811C2 /* libPods-DemoCopy.a */ = {isa = PBXFileReference; explicitFileType = archive.ar; includeInIndex = 0; path = "libPods-DemoCopy.a"; sourceTree = BUILT_PRODUCTS_DIR; };
/* End PBXFileReference section */

/* Begin PBXFrameworksBuildPhase section */
		4282E8401876C54A00A98954 /* Frameworks */ = {
			isa = PBXFrameworksBuildPhase;
			buildActionMask = 2147483647;
			files = (
				4282E8451876C54A00A98954 /* SenTestingKit.framework in Frameworks */,
				DBB7694BDE3E43E3A2D9501B /* libPods-Tests.a in Frameworks */,
			);
			runOnlyForDeploymentPostprocessing = 0;
		};
		42886A1A18788B5900BDD128 /* Frameworks */ = {
			isa = PBXFrameworksBuildPhase;
			buildActionMask = 2147483647;
			files = (
				42886A1E18788B5900BDD128 /* Cocoa.framework in Frameworks */,
				ED34013F56AE4CD1B421999C /* libPods-DemoMove.a in Frameworks */,
			);
			runOnlyForDeploymentPostprocessing = 0;
		};
		42886A4B1878916500BDD128 /* Frameworks */ = {
			isa = PBXFrameworksBuildPhase;
			buildActionMask = 2147483647;
			files = (
				42886A4F1878916500BDD128 /* Cocoa.framework in Frameworks */,
				DCD2CD6BA2B748D9868BA2FC /* libPods-DemoCopy.a in Frameworks */,
			);
			runOnlyForDeploymentPostprocessing = 0;
		};
		42DF920F186FDCF900B26412 /* Frameworks */ = {
			isa = PBXFrameworksBuildPhase;
			buildActionMask = 2147483647;
			files = (
				42DF9214186FDCF900B26412 /* Cocoa.framework in Frameworks */,
				B534667AB68E43E5BF081ED0 /* libPods-Demo.a in Frameworks */,
			);
			runOnlyForDeploymentPostprocessing = 0;
		};
/* End PBXFrameworksBuildPhase section */

/* Begin PBXGroup section */
		0259C574FE90428111CA0C5A /* NCToolkit */ = {
			isa = PBXGroup;
			children = (
				4266691F1870E2AA00F16FB0 /* Assets */,
				42A97AE9186FDC0800CDE1D3 /* Resources */,
				42DF9215186FDCF900B26412 /* Demo */,
				4282E8461876C54A00A98954 /* Tests */,
				42886A1F18788B5900BDD128 /* DemoMove */,
				42886A501878916500BDD128 /* DemoCopy */,
				1ED78706FE9D4A0611CA0C5A /* Products */,
				2E58F364FFB232C311CA0CBA /* Frameworks */,
				D3179D7525E94CE4BDBF559F /* Pods-Demo.xcconfig */,
				7BA3C130838247CBBDBF4F70 /* Pods-Tests.xcconfig */,
				80983C25D67740B6B2A1BD59 /* Pods-DemoMove.xcconfig */,
				C11EDFD0699349E3B71C92B2 /* Pods-DemoCopy.xcconfig */,
			);
			name = NCToolkit;
			sourceTree = "<group>";
		};
		13F8B6FD07B43410008AE28D /* Linked Frameworks */ = {
			isa = PBXGroup;
			children = (
				428DCD3311E52DB80048B3C6 /* Carbon.framework */,
				422F205311A851420029C47A /* Cocoa.framework */,
				42C1556B115615B7000A0547 /* Quartz.framework */,
				DD92D38A0106425D02CA0E72 /* Cocoa.framework */,
				C0D069550A49DF9100C95564 /* InterfaceBuilderKit.framework */,
				42271FB511D14AE700E5FFE1 /* WebKit.framework */,
			);
			name = "Linked Frameworks";
			sourceTree = "<group>";
		};
		13F8B70407B43425008AE28D /* Other Frameworks */ = {
			isa = PBXGroup;
			children = (
				13F8B88807B434F6008AE28D /* AppKit.framework */,
				13F8B88907B434F6008AE28D /* CoreData.framework */,
				13F8B88A07B434F6008AE28D /* Foundation.framework */,
			);
			name = "Other Frameworks";
			sourceTree = "<group>";
		};
		1ED78706FE9D4A0611CA0C5A /* Products */ = {
			isa = PBXGroup;
			children = (
				42DF9212186FDCF900B26412 /* Demo.app */,
				4282E8431876C54A00A98954 /* Tests.octest */,
				42886A1D18788B5900BDD128 /* DemoMove.app */,
				42886A4E1878916500BDD128 /* DemoCopy.app */,
			);
			name = Products;
			sourceTree = "<group>";
		};
		2E58F364FFB232C311CA0CBA /* Frameworks */ = {
			isa = PBXGroup;
			children = (
				13F8B6FD07B43410008AE28D /* Linked Frameworks */,
				42DF9213186FDCF900B26412 /* Cocoa.framework */,
				42DF922E186FDCFA00B26412 /* XCTest.framework */,
				4282E8441876C54A00A98954 /* SenTestingKit.framework */,
				13F8B70407B43425008AE28D /* Other Frameworks */,
				F789008B7EC24D058FA5C43F /* libPods-Demo.a */,
				0B9B28AB52FD45DABAE1203B /* libPods-Tests.a */,
				9C76E6926B8942BCAAAC0F09 /* libPods-DemoMove.a */,
				F8DD6CF703964F5D8DC811C2 /* libPods-DemoCopy.a */,
			);
			name = Frameworks;
			sourceTree = "<group>";
		};
		4266691F1870E2AA00F16FB0 /* Assets */ = {
			isa = PBXGroup;
			children = (
				426669201870E2AA00F16FB0 /* AppearancePreferences.png */,
				426669211870E2AA00F16FB0 /* bookmark_icon.png */,
				426669221870E2AA00F16FB0 /* FontsColors.png */,
				426669231870E2AA00F16FB0 /* mkdir.png */,
				426669241870E2AA00F16FB0 /* mkfile.png */,
			);
			name = Assets;
			path = ../Assets;
			sourceTree = "<group>";
		};
		4282E8461876C54A00A98954 /* Tests */ = {
			isa = PBXGroup;
			children = (
				4282E8541876C57C00A98954 /* NCCommonTest.h */,
				4282E8551876C57C00A98954 /* NCCommonTest.m */,
				4282E8561876C57C00A98954 /* NSArray+PrependPathTest.h */,
				4282E8571876C57C00A98954 /* NSArray+PrependPathTest.m */,
				4282E8471876C54A00A98954 /* Supporting Files */,
			);
			path = Tests;
			sourceTree = "<group>";
		};
		4282E8471876C54A00A98954 /* Supporting Files */ = {
			isa = PBXGroup;
			children = (
				4282E8481876C54A00A98954 /* Tests-Info.plist */,
				4282E8491876C54A00A98954 /* InfoPlist.strings */,
				4282E84E1876C54A00A98954 /* Tests-Prefix.pch */,
			);
			name = "Supporting Files";
			sourceTree = "<group>";
		};
		42886A1F18788B5900BDD128 /* DemoMove */ = {
			isa = PBXGroup;
			children = (
				42886A2B18788B5900BDD128 /* AppDelegate.h */,
				42886A2C18788B5900BDD128 /* AppDelegate.m */,
				42886A2E18788B5900BDD128 /* MainMenu.xib */,
				42886A3118788B5900BDD128 /* Images.xcassets */,
				42886A2018788B5900BDD128 /* Supporting Files */,
			);
			path = DemoMove;
			sourceTree = "<group>";
		};
		42886A2018788B5900BDD128 /* Supporting Files */ = {
			isa = PBXGroup;
			children = (
				42886A2118788B5900BDD128 /* DemoMove-Info.plist */,
				42886A2218788B5900BDD128 /* InfoPlist.strings */,
				42886A2518788B5900BDD128 /* main.m */,
				42886A2718788B5900BDD128 /* DemoMove-Prefix.pch */,
				42886A2818788B5900BDD128 /* Credits.rtf */,
			);
			name = "Supporting Files";
			sourceTree = "<group>";
		};
		42886A501878916500BDD128 /* DemoCopy */ = {
			isa = PBXGroup;
			children = (
				42886A5C1878916500BDD128 /* AppDelegate.h */,
				42886A5D1878916500BDD128 /* AppDelegate.m */,
				42886A5F1878916500BDD128 /* MainMenu.xib */,
				42886A621878916500BDD128 /* Images.xcassets */,
				42886A511878916500BDD128 /* Supporting Files */,
			);
			path = DemoCopy;
			sourceTree = "<group>";
		};
		42886A511878916500BDD128 /* Supporting Files */ = {
			isa = PBXGroup;
			children = (
				42886A521878916500BDD128 /* DemoCopy-Info.plist */,
				42886A531878916500BDD128 /* InfoPlist.strings */,
				42886A561878916500BDD128 /* main.m */,
				42886A581878916500BDD128 /* DemoCopy-Prefix.pch */,
				42886A591878916500BDD128 /* Credits.rtf */,
			);
			name = "Supporting Files";
			sourceTree = "<group>";
		};
		42A97AE9186FDC0800CDE1D3 /* Resources */ = {
			isa = PBXGroup;
			children = (
				426668F91870E28F00F16FB0 /* cd_parent_dir.png */,
				426668FA1870E28F00F16FB0 /* cd_parent_dir2.png */,
				426668FB1870E28F00F16FB0 /* go_back.icns */,
				426668FC1870E28F00F16FB0 /* go_back1.png */,
				426668FD1870E28F00F16FB0 /* GotoFolder.xib */,
				426668FE1870E28F00F16FB0 /* MakeDir.xib */,
				426668FF1870E28F00F16FB0 /* MakeFile.xib */,
				426669001870E28F00F16FB0 /* MakeLink.xib */,
				426669011870E28F00F16FB0 /* PreferencesAdvanced.xib */,
				426669021870E28F00F16FB0 /* PreferencesBookmark.xib */,
				426669031870E28F00F16FB0 /* PreferencesGeneral.xib */,
				426669041870E28F00F16FB0 /* PreferencesMenu.xib */,
				426669051870E28F00F16FB0 /* SmallGenericDocumentIcon.png */,
				426669061870E28F00F16FB0 /* SmallGenericDocumentIconLink.png */,
				426669071870E28F00F16FB0 /* SmallGenericFolderIcon.png */,
				426669081870E28F00F16FB0 /* SmallGenericFolderIconLink.png */,
				426669091870E28F00F16FB0 /* test.html */,
				4266690A1870E28F00F16FB0 /* unknown_link.png */,
				4266690B1870E28F00F16FB0 /* unknown.png */,
			);
			name = Resources;
			path = ../NewtonCommanderUIBundle;
			sourceTree = "<group>";
		};
		42DF9215186FDCF900B26412 /* Demo */ = {
			isa = PBXGroup;
			children = (
				42DF9221186FDCF900B26412 /* AppDelegate.h */,
				42DF9222186FDCF900B26412 /* AppDelegate.m */,
				42DF9224186FDCF900B26412 /* MainMenu.xib */,
				42DF9227186FDCF900B26412 /* Images.xcassets */,
				42DF9216186FDCF900B26412 /* Supporting Files */,
			);
			path = Demo;
			sourceTree = "<group>";
		};
		42DF9216186FDCF900B26412 /* Supporting Files */ = {
			isa = PBXGroup;
			children = (
				42DF9217186FDCF900B26412 /* Demo-Info.plist */,
				42DF9218186FDCF900B26412 /* InfoPlist.strings */,
				42DF921B186FDCF900B26412 /* main.m */,
				42DF921D186FDCF900B26412 /* Demo-Prefix.pch */,
				42DF921E186FDCF900B26412 /* Credits.rtf */,
			);
			name = "Supporting Files";
			sourceTree = "<group>";
		};
/* End PBXGroup section */

/* Begin PBXNativeTarget section */
		4282E8421876C54A00A98954 /* Tests */ = {
			isa = PBXNativeTarget;
			buildConfigurationList = 4282E8511876C54A00A98954 /* Build configuration list for PBXNativeTarget "Tests" */;
			buildPhases = (
				87CF06F727844EB9B223715F /* Check Pods Manifest.lock */,
				4282E83F1876C54A00A98954 /* Sources */,
				4282E8401876C54A00A98954 /* Frameworks */,
				4282E8411876C54A00A98954 /* Resources */,
				F0F9EA67B16A468F92D35463 /* Copy Pods Resources */,
			);
			buildRules = (
			);
			dependencies = (
				4282E8501876C54A00A98954 /* PBXTargetDependency */,
			);
			name = Tests;
			productName = Tests;
			productReference = 4282E8431876C54A00A98954 /* Tests.octest */;
			productType = "com.apple.product-type.bundle";
		};
		42886A1C18788B5900BDD128 /* DemoMove */ = {
			isa = PBXNativeTarget;
			buildConfigurationList = 42886A4818788B5A00BDD128 /* Build configuration list for PBXNativeTarget "DemoMove" */;
			buildPhases = (
				6C6AE71A163E40699B24CC17 /* Check Pods Manifest.lock */,
				42886A1918788B5900BDD128 /* Sources */,
				42886A1A18788B5900BDD128 /* Frameworks */,
				42886A1B18788B5900BDD128 /* Resources */,
				BDA2E968A7D943AE85CCD255 /* Copy Pods Resources */,
			);
			buildRules = (
			);
			dependencies = (
			);
			name = DemoMove;
			productName = DemoMove;
			productReference = 42886A1D18788B5900BDD128 /* DemoMove.app */;
			productType = "com.apple.product-type.application";
		};
		42886A4D1878916500BDD128 /* DemoCopy */ = {
			isa = PBXNativeTarget;
			buildConfigurationList = 42886A791878916500BDD128 /* Build configuration list for PBXNativeTarget "DemoCopy" */;
			buildPhases = (
				8FACF178BE854CB6BEF5BF05 /* Check Pods Manifest.lock */,
				42886A4A1878916500BDD128 /* Sources */,
				42886A4B1878916500BDD128 /* Frameworks */,
				42886A4C1878916500BDD128 /* Resources */,
				4CD7B6F4B079461AA63B2487 /* Copy Pods Resources */,
			);
			buildRules = (
			);
			dependencies = (
			);
			name = DemoCopy;
			productName = DemoCopy;
			productReference = 42886A4E1878916500BDD128 /* DemoCopy.app */;
			productType = "com.apple.product-type.application";
		};
		42DF9211186FDCF900B26412 /* Demo */ = {
			isa = PBXNativeTarget;
			buildConfigurationList = 42DF923B186FDCFA00B26412 /* Build configuration list for PBXNativeTarget "Demo" */;
			buildPhases = (
				849FEB8E1F954760A89F1A24 /* Check Pods Manifest.lock */,
				42DF920E186FDCF900B26412 /* Sources */,
				42DF920F186FDCF900B26412 /* Frameworks */,
				42DF9210186FDCF900B26412 /* Resources */,
				82444B0933A74BF5ABF7088A /* Copy Pods Resources */,
			);
			buildRules = (
			);
			dependencies = (
			);
			name = Demo;
			productName = Demo;
			productReference = 42DF9212186FDCF900B26412 /* Demo.app */;
			productType = "com.apple.product-type.application";
		};
/* End PBXNativeTarget section */

/* Begin PBXProject section */
		0259C573FE90428111CA0C5A /* Project object */ = {
			isa = PBXProject;
			attributes = {
				LastUpgradeCheck = 0500;
				TargetAttributes = {
					4282E8421876C54A00A98954 = {
						TestTargetID = 42DF9211186FDCF900B26412;
					};
				};
			};
			buildConfigurationList = C056398B08A954F8003078D8 /* Build configuration list for PBXProject "NewtonCommanderUI" */;
			compatibilityVersion = "Xcode 3.2";
			developmentRegion = English;
			hasScannedForEncodings = 1;
			knownRegions = (
				English,
				Japanese,
				French,
				German,
				en,
				Base,
			);
			mainGroup = 0259C574FE90428111CA0C5A /* NCToolkit */;
			projectDirPath = "";
			projectRoot = "";
			targets = (
				42DF9211186FDCF900B26412 /* Demo */,
				4282E8421876C54A00A98954 /* Tests */,
				42886A1C18788B5900BDD128 /* DemoMove */,
				42886A4D1878916500BDD128 /* DemoCopy */,
			);
		};
/* End PBXProject section */

/* Begin PBXResourcesBuildPhase section */
		4282E8411876C54A00A98954 /* Resources */ = {
			isa = PBXResourcesBuildPhase;
			buildActionMask = 2147483647;
			files = (
				4282E84B1876C54A00A98954 /* InfoPlist.strings in Resources */,
			);
			runOnlyForDeploymentPostprocessing = 0;
		};
		42886A1B18788B5900BDD128 /* Resources */ = {
			isa = PBXResourcesBuildPhase;
			buildActionMask = 2147483647;
			files = (
				42886A2418788B5900BDD128 /* InfoPlist.strings in Resources */,
				42886A3218788B5900BDD128 /* Images.xcassets in Resources */,
				42886A2A18788B5900BDD128 /* Credits.rtf in Resources */,
				42886A3018788B5900BDD128 /* MainMenu.xib in Resources */,
			);
			runOnlyForDeploymentPostprocessing = 0;
		};
		42886A4C1878916500BDD128 /* Resources */ = {
			isa = PBXResourcesBuildPhase;
			buildActionMask = 2147483647;
			files = (
				42886A551878916500BDD128 /* InfoPlist.strings in Resources */,
				42886A631878916500BDD128 /* Images.xcassets in Resources */,
				42886A5B1878916500BDD128 /* Credits.rtf in Resources */,
				42886A611878916500BDD128 /* MainMenu.xib in Resources */,
			);
			runOnlyForDeploymentPostprocessing = 0;
		};
		42DF9210186FDCF900B26412 /* Resources */ = {
			isa = PBXResourcesBuildPhase;
			buildActionMask = 2147483647;
			files = (
				42DF921A186FDCF900B26412 /* InfoPlist.strings in Resources */,
				42DF9228186FDCF900B26412 /* Images.xcassets in Resources */,
				42DF9220186FDCF900B26412 /* Credits.rtf in Resources */,
				42DF9226186FDCF900B26412 /* MainMenu.xib in Resources */,
			);
			runOnlyForDeploymentPostprocessing = 0;
		};
/* End PBXResourcesBuildPhase section */

/* Begin PBXShellScriptBuildPhase section */
		4CD7B6F4B079461AA63B2487 /* Copy Pods Resources */ = {
			isa = PBXShellScriptBuildPhase;
			buildActionMask = 2147483647;
			files = (
			);
			inputPaths = (
			);
			name = "Copy Pods Resources";
			outputPaths = (
			);
			runOnlyForDeploymentPostprocessing = 0;
			shellPath = /bin/sh;
			shellScript = "\"${SRCROOT}/Pods/Pods-DemoCopy-resources.sh\"\n";
			showEnvVarsInLog = 0;
		};
		6C6AE71A163E40699B24CC17 /* Check Pods Manifest.lock */ = {
			isa = PBXShellScriptBuildPhase;
			buildActionMask = 2147483647;
			files = (
			);
			inputPaths = (
			);
			name = "Check Pods Manifest.lock";
			outputPaths = (
			);
			runOnlyForDeploymentPostprocessing = 0;
			shellPath = /bin/sh;
			shellScript = "diff \"${PODS_ROOT}/../Podfile.lock\" \"${PODS_ROOT}/Manifest.lock\" > /dev/null\nif [[ $? != 0 ]] ; then\n    cat << EOM\nerror: The sandbox is not in sync with the Podfile.lock. Run 'pod install' or update your CocoaPods installation.\nEOM\n    exit 1\nfi\n";
			showEnvVarsInLog = 0;
		};
		82444B0933A74BF5ABF7088A /* Copy Pods Resources */ = {
			isa = PBXShellScriptBuildPhase;
			buildActionMask = 2147483647;
			files = (
			);
			inputPaths = (
			);
			name = "Copy Pods Resources";
			outputPaths = (
			);
			runOnlyForDeploymentPostprocessing = 0;
			shellPath = /bin/sh;
			shellScript = "\"${SRCROOT}/Pods/Pods-Demo-resources.sh\"\n";
			showEnvVarsInLog = 0;
		};
		849FEB8E1F954760A89F1A24 /* Check Pods Manifest.lock */ = {
			isa = PBXShellScriptBuildPhase;
			buildActionMask = 2147483647;
			files = (
			);
			inputPaths = (
			);
			name = "Check Pods Manifest.lock";
			outputPaths = (
			);
			runOnlyForDeploymentPostprocessing = 0;
			shellPath = /bin/sh;
			shellScript = "diff \"${PODS_ROOT}/../Podfile.lock\" \"${PODS_ROOT}/Manifest.lock\" > /dev/null\nif [[ $? != 0 ]] ; then\n    cat << EOM\nerror: The sandbox is not in sync with the Podfile.lock. Run 'pod install' or update your CocoaPods installation.\nEOM\n    exit 1\nfi\n";
			showEnvVarsInLog = 0;
		};
		87CF06F727844EB9B223715F /* Check Pods Manifest.lock */ = {
			isa = PBXShellScriptBuildPhase;
			buildActionMask = 2147483647;
			files = (
			);
			inputPaths = (
			);
			name = "Check Pods Manifest.lock";
			outputPaths = (
			);
			runOnlyForDeploymentPostprocessing = 0;
			shellPath = /bin/sh;
			shellScript = "diff \"${PODS_ROOT}/../Podfile.lock\" \"${PODS_ROOT}/Manifest.lock\" > /dev/null\nif [[ $? != 0 ]] ; then\n    cat << EOM\nerror: The sandbox is not in sync with the Podfile.lock. Run 'pod install' or update your CocoaPods installation.\nEOM\n    exit 1\nfi\n";
			showEnvVarsInLog = 0;
		};
		8FACF178BE854CB6BEF5BF05 /* Check Pods Manifest.lock */ = {
			isa = PBXShellScriptBuildPhase;
			buildActionMask = 2147483647;
			files = (
			);
			inputPaths = (
			);
			name = "Check Pods Manifest.lock";
			outputPaths = (
			);
			runOnlyForDeploymentPostprocessing = 0;
			shellPath = /bin/sh;
			shellScript = "diff \"${PODS_ROOT}/../Podfile.lock\" \"${PODS_ROOT}/Manifest.lock\" > /dev/null\nif [[ $? != 0 ]] ; then\n    cat << EOM\nerror: The sandbox is not in sync with the Podfile.lock. Run 'pod install' or update your CocoaPods installation.\nEOM\n    exit 1\nfi\n";
			showEnvVarsInLog = 0;
		};
		BDA2E968A7D943AE85CCD255 /* Copy Pods Resources */ = {
			isa = PBXShellScriptBuildPhase;
			buildActionMask = 2147483647;
			files = (
			);
			inputPaths = (
			);
			name = "Copy Pods Resources";
			outputPaths = (
			);
			runOnlyForDeploymentPostprocessing = 0;
			shellPath = /bin/sh;
			shellScript = "\"${SRCROOT}/Pods/Pods-DemoMove-resources.sh\"\n";
			showEnvVarsInLog = 0;
		};
		F0F9EA67B16A468F92D35463 /* Copy Pods Resources */ = {
			isa = PBXShellScriptBuildPhase;
			buildActionMask = 2147483647;
			files = (
			);
			inputPaths = (
			);
			name = "Copy Pods Resources";
			outputPaths = (
			);
			runOnlyForDeploymentPostprocessing = 0;
			shellPath = /bin/sh;
			shellScript = "\"${SRCROOT}/Pods/Pods-Tests-resources.sh\"\n";
			showEnvVarsInLog = 0;
		};
/* End PBXShellScriptBuildPhase section */

/* Begin PBXSourcesBuildPhase section */
		4282E83F1876C54A00A98954 /* Sources */ = {
			isa = PBXSourcesBuildPhase;
			buildActionMask = 2147483647;
			files = (
				4282E8591876C57C00A98954 /* NSArray+PrependPathTest.m in Sources */,
				4282E8581876C57C00A98954 /* NCCommonTest.m in Sources */,
			);
			runOnlyForDeploymentPostprocessing = 0;
		};
		42886A1918788B5900BDD128 /* Sources */ = {
			isa = PBXSourcesBuildPhase;
			buildActionMask = 2147483647;
			files = (
				42886A2D18788B5900BDD128 /* AppDelegate.m in Sources */,
				42886A2618788B5900BDD128 /* main.m in Sources */,
			);
			runOnlyForDeploymentPostprocessing = 0;
		};
		42886A4A1878916500BDD128 /* Sources */ = {
			isa = PBXSourcesBuildPhase;
			buildActionMask = 2147483647;
			files = (
				42886A5E1878916500BDD128 /* AppDelegate.m in Sources */,
				42886A571878916500BDD128 /* main.m in Sources */,
			);
			runOnlyForDeploymentPostprocessing = 0;
		};
		42DF920E186FDCF900B26412 /* Sources */ = {
			isa = PBXSourcesBuildPhase;
			buildActionMask = 2147483647;
			files = (
				42DF9223186FDCF900B26412 /* AppDelegate.m in Sources */,
				42DF921C186FDCF900B26412 /* main.m in Sources */,
			);
			runOnlyForDeploymentPostprocessing = 0;
		};
/* End PBXSourcesBuildPhase section */

/* Begin PBXTargetDependency section */
		4282E8501876C54A00A98954 /* PBXTargetDependency */ = {
			isa = PBXTargetDependency;
			target = 42DF9211186FDCF900B26412 /* Demo */;
			targetProxy = 4282E84F1876C54A00A98954 /* PBXContainerItemProxy */;
		};
/* End PBXTargetDependency section */

/* Begin PBXVariantGroup section */
		4282E8491876C54A00A98954 /* InfoPlist.strings */ = {
			isa = PBXVariantGroup;
			children = (
				4282E84A1876C54A00A98954 /* en */,
			);
			name = InfoPlist.strings;
			sourceTree = "<group>";
		};
		42886A2218788B5900BDD128 /* InfoPlist.strings */ = {
			isa = PBXVariantGroup;
			children = (
				42886A2318788B5900BDD128 /* en */,
			);
			name = InfoPlist.strings;
			sourceTree = "<group>";
		};
		42886A2818788B5900BDD128 /* Credits.rtf */ = {
			isa = PBXVariantGroup;
			children = (
				42886A2918788B5900BDD128 /* en */,
			);
			name = Credits.rtf;
			sourceTree = "<group>";
		};
		42886A2E18788B5900BDD128 /* MainMenu.xib */ = {
			isa = PBXVariantGroup;
			children = (
				42886A2F18788B5900BDD128 /* Base */,
			);
			name = MainMenu.xib;
			sourceTree = "<group>";
		};
		42886A531878916500BDD128 /* InfoPlist.strings */ = {
			isa = PBXVariantGroup;
			children = (
				42886A541878916500BDD128 /* en */,
			);
			name = InfoPlist.strings;
			sourceTree = "<group>";
		};
		42886A591878916500BDD128 /* Credits.rtf */ = {
			isa = PBXVariantGroup;
			children = (
				42886A5A1878916500BDD128 /* en */,
			);
			name = Credits.rtf;
			sourceTree = "<group>";
		};
		42886A5F1878916500BDD128 /* MainMenu.xib */ = {
			isa = PBXVariantGroup;
			children = (
				42886A601878916500BDD128 /* Base */,
			);
			name = MainMenu.xib;
			sourceTree = "<group>";
		};
		42DF9218186FDCF900B26412 /* InfoPlist.strings */ = {
			isa = PBXVariantGroup;
			children = (
				42DF9219186FDCF900B26412 /* en */,
			);
			name = InfoPlist.strings;
			sourceTree = "<group>";
		};
		42DF921E186FDCF900B26412 /* Credits.rtf */ = {
			isa = PBXVariantGroup;
			children = (
				42DF921F186FDCF900B26412 /* en */,
			);
			name = Credits.rtf;
			sourceTree = "<group>";
		};
		42DF9224186FDCF900B26412 /* MainMenu.xib */ = {
			isa = PBXVariantGroup;
			children = (
				42DF9225186FDCF900B26412 /* Base */,
			);
			name = MainMenu.xib;
			sourceTree = "<group>";
		};
/* End PBXVariantGroup section */

/* Begin XCBuildConfiguration section */
		4282E8521876C54A00A98954 /* Debug */ = {
			isa = XCBuildConfiguration;
			baseConfigurationReference = 7BA3C130838247CBBDBF4F70 /* Pods-Tests.xcconfig */;
			buildSettings = {
				ALWAYS_SEARCH_USER_PATHS = NO;
				BUNDLE_LOADER = "$(BUILT_PRODUCTS_DIR)/Demo.app/Contents/MacOS/Demo";
				CLANG_ENABLE_OBJC_ARC = YES;
				CLANG_WARN_BOOL_CONVERSION = YES;
				CLANG_WARN_CONSTANT_CONVERSION = YES;
				CLANG_WARN_DIRECT_OBJC_ISA_USAGE = YES_ERROR;
				CLANG_WARN_EMPTY_BODY = YES;
				CLANG_WARN_ENUM_CONVERSION = YES;
				CLANG_WARN_INT_CONVERSION = YES;
				CLANG_WARN_OBJC_ROOT_CLASS = YES_ERROR;
				CLANG_WARN__DUPLICATE_METHOD_MATCH = YES;
				COPY_PHASE_STRIP = NO;
				FRAMEWORK_SEARCH_PATHS = (
					"$(DEVELOPER_FRAMEWORKS_DIR)",
					"$(inherited)",
				);
				GCC_DYNAMIC_NO_PIC = NO;
				GCC_ENABLE_OBJC_EXCEPTIONS = YES;
				GCC_OPTIMIZATION_LEVEL = 0;
				GCC_PRECOMPILE_PREFIX_HEADER = YES;
				GCC_PREFIX_HEADER = "Tests/Tests-Prefix.pch";
				GCC_PREPROCESSOR_DEFINITIONS = (
					"DEBUG=1",
					"$(inherited)",
				);
				GCC_SYMBOLS_PRIVATE_EXTERN = NO;
				GCC_WARN_64_TO_32_BIT_CONVERSION = YES;
				GCC_WARN_ABOUT_RETURN_TYPE = YES_ERROR;
				GCC_WARN_UNDECLARED_SELECTOR = YES;
				GCC_WARN_UNINITIALIZED_AUTOS = YES;
				GCC_WARN_UNUSED_FUNCTION = YES;
				INFOPLIST_FILE = "Tests/Tests-Info.plist";
				MACOSX_DEPLOYMENT_TARGET = 10.9;
				PRODUCT_NAME = "$(TARGET_NAME)";
				TEST_HOST = "$(BUNDLE_LOADER)";
				WRAPPER_EXTENSION = octest;
			};
			name = Debug;
		};
		4282E8531876C54A00A98954 /* Release */ = {
			isa = XCBuildConfiguration;
			baseConfigurationReference = 7BA3C130838247CBBDBF4F70 /* Pods-Tests.xcconfig */;
			buildSettings = {
				ALWAYS_SEARCH_USER_PATHS = NO;
				BUNDLE_LOADER = "$(BUILT_PRODUCTS_DIR)/Demo.app/Contents/MacOS/Demo";
				CLANG_ENABLE_OBJC_ARC = YES;
				CLANG_WARN_BOOL_CONVERSION = YES;
				CLANG_WARN_CONSTANT_CONVERSION = YES;
				CLANG_WARN_DIRECT_OBJC_ISA_USAGE = YES_ERROR;
				CLANG_WARN_EMPTY_BODY = YES;
				CLANG_WARN_ENUM_CONVERSION = YES;
				CLANG_WARN_INT_CONVERSION = YES;
				CLANG_WARN_OBJC_ROOT_CLASS = YES_ERROR;
				CLANG_WARN__DUPLICATE_METHOD_MATCH = YES;
				COPY_PHASE_STRIP = YES;
				DEBUG_INFORMATION_FORMAT = "dwarf-with-dsym";
				ENABLE_NS_ASSERTIONS = NO;
				FRAMEWORK_SEARCH_PATHS = (
					"$(DEVELOPER_FRAMEWORKS_DIR)",
					"$(inherited)",
				);
				GCC_ENABLE_OBJC_EXCEPTIONS = YES;
				GCC_PRECOMPILE_PREFIX_HEADER = YES;
				GCC_PREFIX_HEADER = "Tests/Tests-Prefix.pch";
				GCC_WARN_64_TO_32_BIT_CONVERSION = YES;
				GCC_WARN_ABOUT_RETURN_TYPE = YES_ERROR;
				GCC_WARN_UNDECLARED_SELECTOR = YES;
				GCC_WARN_UNINITIALIZED_AUTOS = YES;
				GCC_WARN_UNUSED_FUNCTION = YES;
				INFOPLIST_FILE = "Tests/Tests-Info.plist";
				MACOSX_DEPLOYMENT_TARGET = 10.9;
				PRODUCT_NAME = "$(TARGET_NAME)";
				TEST_HOST = "$(BUNDLE_LOADER)";
				WRAPPER_EXTENSION = octest;
			};
			name = Release;
		};
		42886A4418788B5A00BDD128 /* Debug */ = {
			isa = XCBuildConfiguration;
			baseConfigurationReference = 80983C25D67740B6B2A1BD59 /* Pods-DemoMove.xcconfig */;
			buildSettings = {
				ALWAYS_SEARCH_USER_PATHS = NO;
				ASSETCATALOG_COMPILER_APPICON_NAME = AppIcon;
				CLANG_ENABLE_OBJC_ARC = YES;
				CLANG_WARN_BOOL_CONVERSION = YES;
				CLANG_WARN_CONSTANT_CONVERSION = YES;
				CLANG_WARN_DIRECT_OBJC_ISA_USAGE = YES_ERROR;
				CLANG_WARN_EMPTY_BODY = YES;
				CLANG_WARN_ENUM_CONVERSION = YES;
				CLANG_WARN_INT_CONVERSION = YES;
				CLANG_WARN_OBJC_ROOT_CLASS = YES_ERROR;
				CLANG_WARN__DUPLICATE_METHOD_MATCH = YES;
				COMBINE_HIDPI_IMAGES = YES;
				COPY_PHASE_STRIP = NO;
				GCC_DYNAMIC_NO_PIC = NO;
				GCC_ENABLE_OBJC_EXCEPTIONS = YES;
				GCC_OPTIMIZATION_LEVEL = 0;
				GCC_PRECOMPILE_PREFIX_HEADER = YES;
				GCC_PREFIX_HEADER = "DemoMove/DemoMove-Prefix.pch";
				GCC_PREPROCESSOR_DEFINITIONS = (
					"DEBUG=1",
					"$(inherited)",
				);
				GCC_SYMBOLS_PRIVATE_EXTERN = NO;
				GCC_WARN_64_TO_32_BIT_CONVERSION = YES;
				GCC_WARN_ABOUT_RETURN_TYPE = YES_ERROR;
				GCC_WARN_UNDECLARED_SELECTOR = YES;
				GCC_WARN_UNINITIALIZED_AUTOS = YES;
				GCC_WARN_UNUSED_FUNCTION = YES;
				INFOPLIST_FILE = "DemoMove/DemoMove-Info.plist";
				MACOSX_DEPLOYMENT_TARGET = 10.9;
				PRODUCT_NAME = "$(TARGET_NAME)";
				WRAPPER_EXTENSION = app;
			};
			name = Debug;
		};
		42886A4518788B5A00BDD128 /* Release */ = {
			isa = XCBuildConfiguration;
			baseConfigurationReference = 80983C25D67740B6B2A1BD59 /* Pods-DemoMove.xcconfig */;
			buildSettings = {
				ALWAYS_SEARCH_USER_PATHS = NO;
				ASSETCATALOG_COMPILER_APPICON_NAME = AppIcon;
				CLANG_ENABLE_OBJC_ARC = YES;
				CLANG_WARN_BOOL_CONVERSION = YES;
				CLANG_WARN_CONSTANT_CONVERSION = YES;
				CLANG_WARN_DIRECT_OBJC_ISA_USAGE = YES_ERROR;
				CLANG_WARN_EMPTY_BODY = YES;
				CLANG_WARN_ENUM_CONVERSION = YES;
				CLANG_WARN_INT_CONVERSION = YES;
				CLANG_WARN_OBJC_ROOT_CLASS = YES_ERROR;
				CLANG_WARN__DUPLICATE_METHOD_MATCH = YES;
				COMBINE_HIDPI_IMAGES = YES;
				COPY_PHASE_STRIP = YES;
				DEBUG_INFORMATION_FORMAT = "dwarf-with-dsym";
				ENABLE_NS_ASSERTIONS = NO;
				GCC_ENABLE_OBJC_EXCEPTIONS = YES;
				GCC_PRECOMPILE_PREFIX_HEADER = YES;
				GCC_PREFIX_HEADER = "DemoMove/DemoMove-Prefix.pch";
				GCC_WARN_64_TO_32_BIT_CONVERSION = YES;
				GCC_WARN_ABOUT_RETURN_TYPE = YES_ERROR;
				GCC_WARN_UNDECLARED_SELECTOR = YES;
				GCC_WARN_UNINITIALIZED_AUTOS = YES;
				GCC_WARN_UNUSED_FUNCTION = YES;
				INFOPLIST_FILE = "DemoMove/DemoMove-Info.plist";
				MACOSX_DEPLOYMENT_TARGET = 10.9;
				PRODUCT_NAME = "$(TARGET_NAME)";
				WRAPPER_EXTENSION = app;
			};
			name = Release;
		};
		42886A751878916500BDD128 /* Debug */ = {
			isa = XCBuildConfiguration;
			baseConfigurationReference = C11EDFD0699349E3B71C92B2 /* Pods-DemoCopy.xcconfig */;
			buildSettings = {
				ALWAYS_SEARCH_USER_PATHS = NO;
				ASSETCATALOG_COMPILER_APPICON_NAME = AppIcon;
				CLANG_ENABLE_OBJC_ARC = YES;
				CLANG_WARN_BOOL_CONVERSION = YES;
				CLANG_WARN_CONSTANT_CONVERSION = YES;
				CLANG_WARN_DIRECT_OBJC_ISA_USAGE = YES_ERROR;
				CLANG_WARN_EMPTY_BODY = YES;
				CLANG_WARN_ENUM_CONVERSION = YES;
				CLANG_WARN_INT_CONVERSION = YES;
				CLANG_WARN_OBJC_ROOT_CLASS = YES_ERROR;
				CLANG_WARN__DUPLICATE_METHOD_MATCH = YES;
				COMBINE_HIDPI_IMAGES = YES;
				COPY_PHASE_STRIP = NO;
				GCC_DYNAMIC_NO_PIC = NO;
				GCC_ENABLE_OBJC_EXCEPTIONS = YES;
				GCC_OPTIMIZATION_LEVEL = 0;
				GCC_PRECOMPILE_PREFIX_HEADER = YES;
				GCC_PREFIX_HEADER = "DemoCopy/DemoCopy-Prefix.pch";
				GCC_PREPROCESSOR_DEFINITIONS = (
					"DEBUG=1",
					"$(inherited)",
				);
				GCC_SYMBOLS_PRIVATE_EXTERN = NO;
				GCC_WARN_64_TO_32_BIT_CONVERSION = YES;
				GCC_WARN_ABOUT_RETURN_TYPE = YES_ERROR;
				GCC_WARN_UNDECLARED_SELECTOR = YES;
				GCC_WARN_UNINITIALIZED_AUTOS = YES;
				GCC_WARN_UNUSED_FUNCTION = YES;
				INFOPLIST_FILE = "DemoCopy/DemoCopy-Info.plist";
				MACOSX_DEPLOYMENT_TARGET = 10.9;
				PRODUCT_NAME = "$(TARGET_NAME)";
				WRAPPER_EXTENSION = app;
			};
			name = Debug;
		};
		42886A761878916500BDD128 /* Release */ = {
			isa = XCBuildConfiguration;
			baseConfigurationReference = C11EDFD0699349E3B71C92B2 /* Pods-DemoCopy.xcconfig */;
			buildSettings = {
				ALWAYS_SEARCH_USER_PATHS = NO;
				ASSETCATALOG_COMPILER_APPICON_NAME = AppIcon;
				CLANG_ENABLE_OBJC_ARC = YES;
				CLANG_WARN_BOOL_CONVERSION = YES;
				CLANG_WARN_CONSTANT_CONVERSION = YES;
				CLANG_WARN_DIRECT_OBJC_ISA_USAGE = YES_ERROR;
				CLANG_WARN_EMPTY_BODY = YES;
				CLANG_WARN_ENUM_CONVERSION = YES;
				CLANG_WARN_INT_CONVERSION = YES;
				CLANG_WARN_OBJC_ROOT_CLASS = YES_ERROR;
				CLANG_WARN__DUPLICATE_METHOD_MATCH = YES;
				COMBINE_HIDPI_IMAGES = YES;
				COPY_PHASE_STRIP = YES;
				DEBUG_INFORMATION_FORMAT = "dwarf-with-dsym";
				ENABLE_NS_ASSERTIONS = NO;
				GCC_ENABLE_OBJC_EXCEPTIONS = YES;
				GCC_PRECOMPILE_PREFIX_HEADER = YES;
				GCC_PREFIX_HEADER = "DemoCopy/DemoCopy-Prefix.pch";
				GCC_WARN_64_TO_32_BIT_CONVERSION = YES;
				GCC_WARN_ABOUT_RETURN_TYPE = YES_ERROR;
				GCC_WARN_UNDECLARED_SELECTOR = YES;
				GCC_WARN_UNINITIALIZED_AUTOS = YES;
				GCC_WARN_UNUSED_FUNCTION = YES;
				INFOPLIST_FILE = "DemoCopy/DemoCopy-Info.plist";
				MACOSX_DEPLOYMENT_TARGET = 10.9;
				PRODUCT_NAME = "$(TARGET_NAME)";
				WRAPPER_EXTENSION = app;
			};
			name = Release;
		};
		42DF923C186FDCFA00B26412 /* Debug */ = {
			isa = XCBuildConfiguration;
			baseConfigurationReference = D3179D7525E94CE4BDBF559F /* Pods-Demo.xcconfig */;
			buildSettings = {
				ALWAYS_SEARCH_USER_PATHS = NO;
				ASSETCATALOG_COMPILER_APPICON_NAME = AppIcon;
				CLANG_ENABLE_OBJC_ARC = YES;
				CLANG_WARN_BOOL_CONVERSION = YES;
				CLANG_WARN_CONSTANT_CONVERSION = YES;
				CLANG_WARN_DIRECT_OBJC_ISA_USAGE = YES_ERROR;
				CLANG_WARN_EMPTY_BODY = YES;
				CLANG_WARN_ENUM_CONVERSION = YES;
				CLANG_WARN_INT_CONVERSION = YES;
				CLANG_WARN_OBJC_ROOT_CLASS = YES_ERROR;
				CLANG_WARN__DUPLICATE_METHOD_MATCH = YES;
				COMBINE_HIDPI_IMAGES = YES;
				COPY_PHASE_STRIP = NO;
				GCC_DYNAMIC_NO_PIC = NO;
				GCC_ENABLE_OBJC_EXCEPTIONS = YES;
				GCC_OPTIMIZATION_LEVEL = 0;
				GCC_PRECOMPILE_PREFIX_HEADER = YES;
				GCC_PREFIX_HEADER = "Demo/Demo-Prefix.pch";
				GCC_PREPROCESSOR_DEFINITIONS = (
					"DEBUG=1",
					"$(inherited)",
				);
				GCC_SYMBOLS_PRIVATE_EXTERN = NO;
				GCC_WARN_64_TO_32_BIT_CONVERSION = YES;
				GCC_WARN_ABOUT_RETURN_TYPE = YES_ERROR;
				GCC_WARN_UNDECLARED_SELECTOR = YES;
				GCC_WARN_UNINITIALIZED_AUTOS = YES;
				GCC_WARN_UNUSED_FUNCTION = YES;
				INFOPLIST_FILE = "Demo/Demo-Info.plist";
				MACOSX_DEPLOYMENT_TARGET = 10.9;
				PRODUCT_NAME = "$(TARGET_NAME)";
				WRAPPER_EXTENSION = app;
			};
			name = Debug;
		};
		42DF923D186FDCFA00B26412 /* Release */ = {
			isa = XCBuildConfiguration;
			baseConfigurationReference = D3179D7525E94CE4BDBF559F /* Pods-Demo.xcconfig */;
			buildSettings = {
				ALWAYS_SEARCH_USER_PATHS = NO;
				ASSETCATALOG_COMPILER_APPICON_NAME = AppIcon;
				CLANG_ENABLE_OBJC_ARC = YES;
				CLANG_WARN_BOOL_CONVERSION = YES;
				CLANG_WARN_CONSTANT_CONVERSION = YES;
				CLANG_WARN_DIRECT_OBJC_ISA_USAGE = YES_ERROR;
				CLANG_WARN_EMPTY_BODY = YES;
				CLANG_WARN_ENUM_CONVERSION = YES;
				CLANG_WARN_INT_CONVERSION = YES;
				CLANG_WARN_OBJC_ROOT_CLASS = YES_ERROR;
				CLANG_WARN__DUPLICATE_METHOD_MATCH = YES;
				COMBINE_HIDPI_IMAGES = YES;
				COPY_PHASE_STRIP = YES;
				DEBUG_INFORMATION_FORMAT = "dwarf-with-dsym";
				ENABLE_NS_ASSERTIONS = NO;
				GCC_ENABLE_OBJC_EXCEPTIONS = YES;
				GCC_PRECOMPILE_PREFIX_HEADER = YES;
				GCC_PREFIX_HEADER = "Demo/Demo-Prefix.pch";
				GCC_WARN_64_TO_32_BIT_CONVERSION = YES;
				GCC_WARN_ABOUT_RETURN_TYPE = YES_ERROR;
				GCC_WARN_UNDECLARED_SELECTOR = YES;
				GCC_WARN_UNINITIALIZED_AUTOS = YES;
				GCC_WARN_UNUSED_FUNCTION = YES;
				INFOPLIST_FILE = "Demo/Demo-Info.plist";
				MACOSX_DEPLOYMENT_TARGET = 10.9;
				PRODUCT_NAME = "$(TARGET_NAME)";
				WRAPPER_EXTENSION = app;
			};
			name = Release;
		};
		C056398C08A954F8003078D8 /* Debug */ = {
			isa = XCBuildConfiguration;
			buildSettings = {
				ARCHS = "$(ARCHS_STANDARD_32_64_BIT)";
				GCC_MODEL_TUNING = "";
				GCC_WARN_ABOUT_RETURN_TYPE = YES;
				GCC_WARN_UNUSED_VARIABLE = YES;
				ONLY_ACTIVE_ARCH = YES;
				SDKROOT = macosx;
			};
			name = Debug;
		};
		C056398D08A954F8003078D8 /* Release */ = {
			isa = XCBuildConfiguration;
			buildSettings = {
				ARCHS = "$(ARCHS_STANDARD_32_64_BIT)";
				GCC_MODEL_TUNING = "";
				GCC_WARN_ABOUT_RETURN_TYPE = YES;
				GCC_WARN_UNUSED_VARIABLE = YES;
				SDKROOT = macosx;
			};
			name = Release;
		};
/* End XCBuildConfiguration section */

/* Begin XCConfigurationList section */
		4282E8511876C54A00A98954 /* Build configuration list for PBXNativeTarget "Tests" */ = {
			isa = XCConfigurationList;
			buildConfigurations = (
				4282E8521876C54A00A98954 /* Debug */,
				4282E8531876C54A00A98954 /* Release */,
			);
			defaultConfigurationIsVisible = 0;
			defaultConfigurationName = Release;
		};
		42886A4818788B5A00BDD128 /* Build configuration list for PBXNativeTarget "DemoMove" */ = {
			isa = XCConfigurationList;
			buildConfigurations = (
				42886A4418788B5A00BDD128 /* Debug */,
				42886A4518788B5A00BDD128 /* Release */,
			);
			defaultConfigurationIsVisible = 0;
			defaultConfigurationName = Release;
		};
		42886A791878916500BDD128 /* Build configuration list for PBXNativeTarget "DemoCopy" */ = {
			isa = XCConfigurationList;
			buildConfigurations = (
				42886A751878916500BDD128 /* Debug */,
				42886A761878916500BDD128 /* Release */,
			);
			defaultConfigurationIsVisible = 0;
			defaultConfigurationName = Release;
		};
		42DF923B186FDCFA00B26412 /* Build configuration list for PBXNativeTarget "Demo" */ = {
			isa = XCConfigurationList;
			buildConfigurations = (
				42DF923C186FDCFA00B26412 /* Debug */,
				42DF923D186FDCFA00B26412 /* Release */,
			);
			defaultConfigurationIsVisible = 0;
			defaultConfigurationName = Release;
		};
		C056398B08A954F8003078D8 /* Build configuration list for PBXProject "NewtonCommanderUI" */ = {
			isa = XCConfigurationList;
			buildConfigurations = (
				C056398C08A954F8003078D8 /* Debug */,
				C056398D08A954F8003078D8 /* Release */,
			);
			defaultConfigurationIsVisible = 0;
			defaultConfigurationName = Release;
		};
/* End XCConfigurationList section */
	};
	rootObject = 0259C573FE90428111CA0C5A /* Project object */;
}
