// !$*UTF8*$!
{
	archiveVersion = 1;
	classes = {
	};
	objectVersion = 46;
	objects = {

/* Begin PBXBuildFile section */
		42DF9214186FDCF900B26412 /* Cocoa.framework in Frameworks */ = {isa = PBXBuildFile; fileRef = 42DF9213186FDCF900B26412 /* Cocoa.framework */; };
		42DF921A186FDCF900B26412 /* InfoPlist.strings in Resources */ = {isa = PBXBuildFile; fileRef = 42DF9218186FDCF900B26412 /* InfoPlist.strings */; };
		42DF921C186FDCF900B26412 /* main.m in Sources */ = {isa = PBXBuildFile; fileRef = 42DF921B186FDCF900B26412 /* main.m */; };
		42DF9220186FDCF900B26412 /* Credits.rtf in Resources */ = {isa = PBXBuildFile; fileRef = 42DF921E186FDCF900B26412 /* Credits.rtf */; };
		42DF9223186FDCF900B26412 /* AppDelegate.m in Sources */ = {isa = PBXBuildFile; fileRef = 42DF9222186FDCF900B26412 /* AppDelegate.m */; };
		42DF9226186FDCF900B26412 /* MainMenu.xib in Resources */ = {isa = PBXBuildFile; fileRef = 42DF9224186FDCF900B26412 /* MainMenu.xib */; };
		42DF9228186FDCF900B26412 /* Images.xcassets in Resources */ = {isa = PBXBuildFile; fileRef = 42DF9227186FDCF900B26412 /* Images.xcassets */; };
		B534667AB68E43E5BF081ED0 /* libPods-Demo.a in Frameworks */ = {isa = PBXBuildFile; fileRef = F789008B7EC24D058FA5C43F /* libPods-Demo.a */; };
/* End PBXBuildFile section */

/* Begin PBXFileReference section */
		13F8B88807B434F6008AE28D /* AppKit.framework */ = {isa = PBXFileReference; lastKnownFileType = wrapper.framework; name = AppKit.framework; path = /System/Library/Frameworks/AppKit.framework; sourceTree = "<absolute>"; };
		13F8B88907B434F6008AE28D /* CoreData.framework */ = {isa = PBXFileReference; lastKnownFileType = wrapper.framework; name = CoreData.framework; path = /System/Library/Frameworks/CoreData.framework; sourceTree = "<absolute>"; };
		13F8B88A07B434F6008AE28D /* Foundation.framework */ = {isa = PBXFileReference; lastKnownFileType = wrapper.framework; name = Foundation.framework; path = /System/Library/Frameworks/Foundation.framework; sourceTree = "<absolute>"; };
		42271FB511D14AE700E5FFE1 /* WebKit.framework */ = {isa = PBXFileReference; lastKnownFileType = wrapper.framework; name = WebKit.framework; path = System/Library/Frameworks/WebKit.framework; sourceTree = SDKROOT; };
		422F205311A851420029C47A /* Cocoa.framework */ = {isa = PBXFileReference; lastKnownFileType = wrapper.framework; name = Cocoa.framework; path = System/Library/Frameworks/Cocoa.framework; sourceTree = SDKROOT; };
		426668F91870E28F00F16FB0 /* cd_parent_dir.png */ = {isa = PBXFileReference; lastKnownFileType = image.png; path = cd_parent_dir.png; sourceTree = "<group>"; };
		426668FA1870E28F00F16FB0 /* cd_parent_dir2.png */ = {isa = PBXFileReference; lastKnownFileType = image.png; path = cd_parent_dir2.png; sourceTree = "<group>"; };
		426668FB1870E28F00F16FB0 /* go_back.icns */ = {isa = PBXFileReference; lastKnownFileType = image.icns; path = go_back.icns; sourceTree = "<group>"; };
		426668FC1870E28F00F16FB0 /* go_back1.png */ = {isa = PBXFileReference; lastKnownFileType = image.png; path = go_back1.png; sourceTree = "<group>"; };
		426668FD1870E28F00F16FB0 /* GotoFolder.xib */ = {isa = PBXFileReference; fileEncoding = 4; lastKnownFileType = file.xib; path = GotoFolder.xib; sourceTree = "<group>"; };
		426668FE1870E28F00F16FB0 /* MakeDir.xib */ = {isa = PBXFileReference; fileEncoding = 4; lastKnownFileType = file.xib; path = MakeDir.xib; sourceTree = "<group>"; };
		426668FF1870E28F00F16FB0 /* MakeFile.xib */ = {isa = PBXFileReference; fileEncoding = 4; lastKnownFileType = file.xib; path = MakeFile.xib; sourceTree = "<group>"; };
		426669001870E28F00F16FB0 /* MakeLink.xib */ = {isa = PBXFileReference; fileEncoding = 4; lastKnownFileType = file.xib; path = MakeLink.xib; sourceTree = "<group>"; };
		426669011870E28F00F16FB0 /* PreferencesAdvanced.xib */ = {isa = PBXFileReference; fileEncoding = 4; lastKnownFileType = file.xib; path = PreferencesAdvanced.xib; sourceTree = "<group>"; };
		426669021870E28F00F16FB0 /* PreferencesBookmark.xib */ = {isa = PBXFileReference; fileEncoding = 4; lastKnownFileType = file.xib; path = PreferencesBookmark.xib; sourceTree = "<group>"; };
		426669031870E28F00F16FB0 /* PreferencesGeneral.xib */ = {isa = PBXFileReference; fileEncoding = 4; lastKnownFileType = file.xib; path = PreferencesGeneral.xib; sourceTree = "<group>"; };
		426669041870E28F00F16FB0 /* PreferencesMenu.xib */ = {isa = PBXFileReference; fileEncoding = 4; lastKnownFileType = file.xib; path = PreferencesMenu.xib; sourceTree = "<group>"; };
		426669051870E28F00F16FB0 /* SmallGenericDocumentIcon.png */ = {isa = PBXFileReference; lastKnownFileType = image.png; path = SmallGenericDocumentIcon.png; sourceTree = "<group>"; };
		426669061870E28F00F16FB0 /* SmallGenericDocumentIconLink.png */ = {isa = PBXFileReference; lastKnownFileType = image.png; path = SmallGenericDocumentIconLink.png; sourceTree = "<group>"; };
		426669071870E28F00F16FB0 /* SmallGenericFolderIcon.png */ = {isa = PBXFileReference; lastKnownFileType = image.png; path = SmallGenericFolderIcon.png; sourceTree = "<group>"; };
		426669081870E28F00F16FB0 /* SmallGenericFolderIconLink.png */ = {isa = PBXFileReference; lastKnownFileType = image.png; path = SmallGenericFolderIconLink.png; sourceTree = "<group>"; };
		426669091870E28F00F16FB0 /* test.html */ = {isa = PBXFileReference; fileEncoding = 4; lastKnownFileType = text.html; path = test.html; sourceTree = "<group>"; };
		4266690A1870E28F00F16FB0 /* unknown_link.png */ = {isa = PBXFileReference; lastKnownFileType = image.png; path = unknown_link.png; sourceTree = "<group>"; };
		4266690B1870E28F00F16FB0 /* unknown.png */ = {isa = PBXFileReference; lastKnownFileType = image.png; path = unknown.png; sourceTree = "<group>"; };
		426669201870E2AA00F16FB0 /* AppearancePreferences.png */ = {isa = PBXFileReference; lastKnownFileType = image.png; path = AppearancePreferences.png; sourceTree = "<group>"; };
		426669211870E2AA00F16FB0 /* bookmark_icon.png */ = {isa = PBXFileReference; lastKnownFileType = image.png; path = bookmark_icon.png; sourceTree = "<group>"; };
		426669221870E2AA00F16FB0 /* FontsColors.png */ = {isa = PBXFileReference; lastKnownFileType = image.png; path = FontsColors.png; sourceTree = "<group>"; };
		426669231870E2AA00F16FB0 /* mkdir.png */ = {isa = PBXFileReference; lastKnownFileType = image.png; path = mkdir.png; sourceTree = "<group>"; };
		426669241870E2AA00F16FB0 /* mkfile.png */ = {isa = PBXFileReference; lastKnownFileType = image.png; path = mkfile.png; sourceTree = "<group>"; };
		4282E83B1876C41300A98954 /* NCCommonTest.h */ = {isa = PBXFileReference; lastKnownFileType = sourcecode.c.h; path = NCCommonTest.h; sourceTree = "<group>"; };
		4282E83C1876C41300A98954 /* NCCommonTest.m */ = {isa = PBXFileReference; lastKnownFileType = sourcecode.c.objc; path = NCCommonTest.m; sourceTree = "<group>"; };
		4282E83D1876C41300A98954 /* NSArray+PrependPathTest.h */ = {isa = PBXFileReference; lastKnownFileType = sourcecode.c.h; path = "NSArray+PrependPathTest.h"; sourceTree = "<group>"; };
		4282E83E1876C41300A98954 /* NSArray+PrependPathTest.m */ = {isa = PBXFileReference; lastKnownFileType = sourcecode.c.objc; path = "NSArray+PrependPathTest.m"; sourceTree = "<group>"; };
		428DCD3311E52DB80048B3C6 /* Carbon.framework */ = {isa = PBXFileReference; lastKnownFileType = wrapper.framework; name = Carbon.framework; path = System/Library/Frameworks/Carbon.framework; sourceTree = SDKROOT; };
		42C1556B115615B7000A0547 /* Quartz.framework */ = {isa = PBXFileReference; lastKnownFileType = wrapper.framework; name = Quartz.framework; path = System/Library/Frameworks/Quartz.framework; sourceTree = SDKROOT; };
		42DF9212186FDCF900B26412 /* Demo.app */ = {isa = PBXFileReference; explicitFileType = wrapper.application; includeInIndex = 0; path = Demo.app; sourceTree = BUILT_PRODUCTS_DIR; };
		42DF9213186FDCF900B26412 /* Cocoa.framework */ = {isa = PBXFileReference; lastKnownFileType = wrapper.framework; name = Cocoa.framework; path = System/Library/Frameworks/Cocoa.framework; sourceTree = SDKROOT; };
		42DF9217186FDCF900B26412 /* Demo-Info.plist */ = {isa = PBXFileReference; lastKnownFileType = text.plist.xml; path = "Demo-Info.plist"; sourceTree = "<group>"; };
		42DF9219186FDCF900B26412 /* en */ = {isa = PBXFileReference; lastKnownFileType = text.plist.strings; name = en; path = en.lproj/InfoPlist.strings; sourceTree = "<group>"; };
		42DF921B186FDCF900B26412 /* main.m */ = {isa = PBXFileReference; lastKnownFileType = sourcecode.c.objc; path = main.m; sourceTree = "<group>"; };
		42DF921D186FDCF900B26412 /* Demo-Prefix.pch */ = {isa = PBXFileReference; lastKnownFileType = sourcecode.c.h; path = "Demo-Prefix.pch"; sourceTree = "<group>"; };
		42DF921F186FDCF900B26412 /* en */ = {isa = PBXFileReference; lastKnownFileType = text.rtf; name = en; path = en.lproj/Credits.rtf; sourceTree = "<group>"; };
		42DF9221186FDCF900B26412 /* AppDelegate.h */ = {isa = PBXFileReference; lastKnownFileType = sourcecode.c.h; path = AppDelegate.h; sourceTree = "<group>"; };
		42DF9222186FDCF900B26412 /* AppDelegate.m */ = {isa = PBXFileReference; lastKnownFileType = sourcecode.c.objc; path = AppDelegate.m; sourceTree = "<group>"; };
		42DF9225186FDCF900B26412 /* Base */ = {isa = PBXFileReference; lastKnownFileType = file.xib; name = Base; path = Base.lproj/MainMenu.xib; sourceTree = "<group>"; };
		42DF9227186FDCF900B26412 /* Images.xcassets */ = {isa = PBXFileReference; lastKnownFileType = folder.assetcatalog; path = Images.xcassets; sourceTree = "<group>"; };
		42DF922E186FDCFA00B26412 /* XCTest.framework */ = {isa = PBXFileReference; lastKnownFileType = wrapper.framework; name = XCTest.framework; path = Library/Frameworks/XCTest.framework; sourceTree = DEVELOPER_DIR; };
		C0D069550A49DF9100C95564 /* InterfaceBuilderKit.framework */ = {isa = PBXFileReference; lastKnownFileType = wrapper.framework; name = InterfaceBuilderKit.framework; path = /Developer/Library/Frameworks/InterfaceBuilderKit.framework; sourceTree = "<absolute>"; };
		D3179D7525E94CE4BDBF559F /* Pods-Demo.xcconfig */ = {isa = PBXFileReference; includeInIndex = 1; lastKnownFileType = text.xcconfig; name = "Pods-Demo.xcconfig"; path = "Pods/Pods-Demo.xcconfig"; sourceTree = "<group>"; };
		DD92D38A0106425D02CA0E72 /* Cocoa.framework */ = {isa = PBXFileReference; lastKnownFileType = wrapper.framework; name = Cocoa.framework; path = /System/Library/Frameworks/Cocoa.framework; sourceTree = "<absolute>"; };
		F789008B7EC24D058FA5C43F /* libPods-Demo.a */ = {isa = PBXFileReference; explicitFileType = archive.ar; includeInIndex = 0; path = "libPods-Demo.a"; sourceTree = BUILT_PRODUCTS_DIR; };
/* End PBXFileReference section */

/* Begin PBXFrameworksBuildPhase section */
		42DF920F186FDCF900B26412 /* Frameworks */ = {
			isa = PBXFrameworksBuildPhase;
			buildActionMask = 2147483647;
			files = (
				42DF9214186FDCF900B26412 /* Cocoa.framework in Frameworks */,
				B534667AB68E43E5BF081ED0 /* libPods-Demo.a in Frameworks */,
			);
			runOnlyForDeploymentPostprocessing = 0;
		};
/* End PBXFrameworksBuildPhase section */

/* Begin PBXGroup section */
		0259C574FE90428111CA0C5A /* NCToolkit */ = {
			isa = PBXGroup;
			children = (
				4266691F1870E2AA00F16FB0 /* Assets */,
				42A97AE9186FDC0800CDE1D3 /* Resources */,
				42DF9215186FDCF900B26412 /* Demo */,
				1ED78706FE9D4A0611CA0C5A /* Products */,
				2E58F364FFB232C311CA0CBA /* Frameworks */,
				D3179D7525E94CE4BDBF559F /* Pods-Demo.xcconfig */,
			);
			name = NCToolkit;
			sourceTree = "<group>";
		};
		13F8B6FD07B43410008AE28D /* Linked Frameworks */ = {
			isa = PBXGroup;
			children = (
				428DCD3311E52DB80048B3C6 /* Carbon.framework */,
				422F205311A851420029C47A /* Cocoa.framework */,
				42C1556B115615B7000A0547 /* Quartz.framework */,
				DD92D38A0106425D02CA0E72 /* Cocoa.framework */,
				C0D069550A49DF9100C95564 /* InterfaceBuilderKit.framework */,
				42271FB511D14AE700E5FFE1 /* WebKit.framework */,
			);
			name = "Linked Frameworks";
			sourceTree = "<group>";
		};
		13F8B70407B43425008AE28D /* Other Frameworks */ = {
			isa = PBXGroup;
			children = (
				13F8B88807B434F6008AE28D /* AppKit.framework */,
				13F8B88907B434F6008AE28D /* CoreData.framework */,
				13F8B88A07B434F6008AE28D /* Foundation.framework */,
			);
			name = "Other Frameworks";
			sourceTree = "<group>";
		};
		1ED78706FE9D4A0611CA0C5A /* Products */ = {
			isa = PBXGroup;
			children = (
				42DF9212186FDCF900B26412 /* Demo.app */,
			);
			name = Products;
			sourceTree = "<group>";
		};
		2E58F364FFB232C311CA0CBA /* Frameworks */ = {
			isa = PBXGroup;
			children = (
				13F8B6FD07B43410008AE28D /* Linked Frameworks */,
				42DF9213186FDCF900B26412 /* Cocoa.framework */,
				42DF922E186FDCFA00B26412 /* XCTest.framework */,
				13F8B70407B43425008AE28D /* Other Frameworks */,
				F789008B7EC24D058FA5C43F /* libPods-Demo.a */,
			);
			name = Frameworks;
			sourceTree = "<group>";
		};
		4266691F1870E2AA00F16FB0 /* Assets */ = {
			isa = PBXGroup;
			children = (
				426669201870E2AA00F16FB0 /* AppearancePreferences.png */,
				426669211870E2AA00F16FB0 /* bookmark_icon.png */,
				426669221870E2AA00F16FB0 /* FontsColors.png */,
				426669231870E2AA00F16FB0 /* mkdir.png */,
				426669241870E2AA00F16FB0 /* mkfile.png */,
			);
			name = Assets;
			path = ../Assets;
			sourceTree = "<group>";
		};
		42A97AE9186FDC0800CDE1D3 /* Resources */ = {
			isa = PBXGroup;
			children = (
				426668F91870E28F00F16FB0 /* cd_parent_dir.png */,
				426668FA1870E28F00F16FB0 /* cd_parent_dir2.png */,
				426668FB1870E28F00F16FB0 /* go_back.icns */,
				426668FC1870E28F00F16FB0 /* go_back1.png */,
				426668FD1870E28F00F16FB0 /* GotoFolder.xib */,
				426668FE1870E28F00F16FB0 /* MakeDir.xib */,
				426668FF1870E28F00F16FB0 /* MakeFile.xib */,
				426669001870E28F00F16FB0 /* MakeLink.xib */,
				426669011870E28F00F16FB0 /* PreferencesAdvanced.xib */,
				426669021870E28F00F16FB0 /* PreferencesBookmark.xib */,
				426669031870E28F00F16FB0 /* PreferencesGeneral.xib */,
				426669041870E28F00F16FB0 /* PreferencesMenu.xib */,
				426669051870E28F00F16FB0 /* SmallGenericDocumentIcon.png */,
				426669061870E28F00F16FB0 /* SmallGenericDocumentIconLink.png */,
				426669071870E28F00F16FB0 /* SmallGenericFolderIcon.png */,
				426669081870E28F00F16FB0 /* SmallGenericFolderIconLink.png */,
				426669091870E28F00F16FB0 /* test.html */,
				4266690A1870E28F00F16FB0 /* unknown_link.png */,
				4266690B1870E28F00F16FB0 /* unknown.png */,
			);
			name = Resources;
			path = ../NewtonCommanderUIBundle;
			sourceTree = "<group>";
		};
		42DF9215186FDCF900B26412 /* Demo */ = {
			isa = PBXGroup;
			children = (
				4282E83B1876C41300A98954 /* NCCommonTest.h */,
				4282E83C1876C41300A98954 /* NCCommonTest.m */,
				4282E83D1876C41300A98954 /* NSArray+PrependPathTest.h */,
				4282E83E1876C41300A98954 /* NSArray+PrependPathTest.m */,
				42DF9221186FDCF900B26412 /* AppDelegate.h */,
				42DF9222186FDCF900B26412 /* AppDelegate.m */,
				42DF9224186FDCF900B26412 /* MainMenu.xib */,
				42DF9227186FDCF900B26412 /* Images.xcassets */,
				42DF9216186FDCF900B26412 /* Supporting Files */,
			);
			path = Demo;
			sourceTree = "<group>";
		};
		42DF9216186FDCF900B26412 /* Supporting Files */ = {
			isa = PBXGroup;
			children = (
				42DF9217186FDCF900B26412 /* Demo-Info.plist */,
				42DF9218186FDCF900B26412 /* InfoPlist.strings */,
				42DF921B186FDCF900B26412 /* main.m */,
				42DF921D186FDCF900B26412 /* Demo-Prefix.pch */,
				42DF921E186FDCF900B26412 /* Credits.rtf */,
			);
			name = "Supporting Files";
			sourceTree = "<group>";
		};
/* End PBXGroup section */

/* Begin PBXNativeTarget section */
		42DF9211186FDCF900B26412 /* Demo */ = {
			isa = PBXNativeTarget;
			buildConfigurationList = 42DF923B186FDCFA00B26412 /* Build configuration list for PBXNativeTarget "Demo" */;
			buildPhases = (
				849FEB8E1F954760A89F1A24 /* Check Pods Manifest.lock */,
				42DF920E186FDCF900B26412 /* Sources */,
				42DF920F186FDCF900B26412 /* Frameworks */,
				42DF9210186FDCF900B26412 /* Resources */,
				82444B0933A74BF5ABF7088A /* Copy Pods Resources */,
			);
			buildRules = (
			);
			dependencies = (
			);
			name = Demo;
			productName = Demo;
			productReference = 42DF9212186FDCF900B26412 /* Demo.app */;
			productType = "com.apple.product-type.application";
		};
/* End PBXNativeTarget section */

/* Begin PBXProject section */
		0259C573FE90428111CA0C5A /* Project object */ = {
			isa = PBXProject;
			attributes = {
				LastUpgradeCheck = 0500;
			};
			buildConfigurationList = C056398B08A954F8003078D8 /* Build configuration list for PBXProject "NewtonCommanderUI" */;
			compatibilityVersion = "Xcode 3.2";
			developmentRegion = English;
			hasScannedForEncodings = 1;
			knownRegions = (
				English,
				Japanese,
				French,
				German,
				en,
				Base,
			);
			mainGroup = 0259C574FE90428111CA0C5A /* NCToolkit */;
			projectDirPath = "";
			projectRoot = "";
			targets = (
				42DF9211186FDCF900B26412 /* Demo */,
			);
		};
/* End PBXProject section */

/* Begin PBXResourcesBuildPhase section */
		42DF9210186FDCF900B26412 /* Resources */ = {
			isa = PBXResourcesBuildPhase;
			buildActionMask = 2147483647;
			files = (
				42DF921A186FDCF900B26412 /* InfoPlist.strings in Resources */,
				42DF9228186FDCF900B26412 /* Images.xcassets in Resources */,
				42DF9220186FDCF900B26412 /* Credits.rtf in Resources */,
				42DF9226186FDCF900B26412 /* MainMenu.xib in Resources */,
			);
			runOnlyForDeploymentPostprocessing = 0;
		};
/* End PBXResourcesBuildPhase section */

/* Begin PBXShellScriptBuildPhase section */
		82444B0933A74BF5ABF7088A /* Copy Pods Resources */ = {
			isa = PBXShellScriptBuildPhase;
			buildActionMask = 2147483647;
			files = (
			);
			inputPaths = (
			);
			name = "Copy Pods Resources";
			outputPaths = (
			);
			runOnlyForDeploymentPostprocessing = 0;
			shellPath = /bin/sh;
			shellScript = "\"${SRCROOT}/Pods/Pods-Demo-resources.sh\"\n";
			showEnvVarsInLog = 0;
		};
		849FEB8E1F954760A89F1A24 /* Check Pods Manifest.lock */ = {
			isa = PBXShellScriptBuildPhase;
			buildActionMask = 2147483647;
			files = (
			);
			inputPaths = (
			);
			name = "Check Pods Manifest.lock";
			outputPaths = (
			);
			runOnlyForDeploymentPostprocessing = 0;
			shellPath = /bin/sh;
			shellScript = "diff \"${PODS_ROOT}/../Podfile.lock\" \"${PODS_ROOT}/Manifest.lock\" > /dev/null\nif [[ $? != 0 ]] ; then\n    cat << EOM\nerror: The sandbox is not in sync with the Podfile.lock. Run 'pod install' or update your CocoaPods installation.\nEOM\n    exit 1\nfi\n";
			showEnvVarsInLog = 0;
		};
/* End PBXShellScriptBuildPhase section */

/* Begin PBXSourcesBuildPhase section */
		42DF920E186FDCF900B26412 /* Sources */ = {
			isa = PBXSourcesBuildPhase;
			buildActionMask = 2147483647;
			files = (
				42DF9223186FDCF900B26412 /* AppDelegate.m in Sources */,
				42DF921C186FDCF900B26412 /* main.m in Sources */,
			);
			runOnlyForDeploymentPostprocessing = 0;
		};
/* End PBXSourcesBuildPhase section */

/* Begin PBXVariantGroup section */
		42DF9218186FDCF900B26412 /* InfoPlist.strings */ = {
			isa = PBXVariantGroup;
			children = (
				42DF9219186FDCF900B26412 /* en */,
			);
			name = InfoPlist.strings;
			sourceTree = "<group>";
		};
		42DF921E186FDCF900B26412 /* Credits.rtf */ = {
			isa = PBXVariantGroup;
			children = (
				42DF921F186FDCF900B26412 /* en */,
			);
			name = Credits.rtf;
			sourceTree = "<group>";
		};
		42DF9224186FDCF900B26412 /* MainMenu.xib */ = {
			isa = PBXVariantGroup;
			children = (
				42DF9225186FDCF900B26412 /* Base */,
			);
			name = MainMenu.xib;
			sourceTree = "<group>";
		};
/* End PBXVariantGroup section */

/* Begin XCBuildConfiguration section */
		42DF923C186FDCFA00B26412 /* Debug */ = {
			isa = XCBuildConfiguration;
			baseConfigurationReference = D3179D7525E94CE4BDBF559F /* Pods-Demo.xcconfig */;
			buildSettings = {
				ALWAYS_SEARCH_USER_PATHS = NO;
				ASSETCATALOG_COMPILER_APPICON_NAME = AppIcon;
				CLANG_CXX_LANGUAGE_STANDARD = "gnu++0x";
				CLANG_CXX_LIBRARY = "libc++";
				CLANG_ENABLE_OBJC_ARC = YES;
				CLANG_WARN_BOOL_CONVERSION = YES;
				CLANG_WARN_CONSTANT_CONVERSION = YES;
				CLANG_WARN_DIRECT_OBJC_ISA_USAGE = YES_ERROR;
				CLANG_WARN_EMPTY_BODY = YES;
				CLANG_WARN_ENUM_CONVERSION = YES;
				CLANG_WARN_INT_CONVERSION = YES;
				CLANG_WARN_OBJC_ROOT_CLASS = YES_ERROR;
				CLANG_WARN__DUPLICATE_METHOD_MATCH = YES;
				COMBINE_HIDPI_IMAGES = YES;
				COPY_PHASE_STRIP = NO;
				GCC_DYNAMIC_NO_PIC = NO;
				GCC_ENABLE_OBJC_EXCEPTIONS = YES;
				GCC_OPTIMIZATION_LEVEL = 0;
				GCC_PRECOMPILE_PREFIX_HEADER = YES;
				GCC_PREFIX_HEADER = "Demo/Demo-Prefix.pch";
				GCC_PREPROCESSOR_DEFINITIONS = (
					"DEBUG=1",
					"$(inherited)",
				);
				GCC_SYMBOLS_PRIVATE_EXTERN = NO;
				GCC_WARN_64_TO_32_BIT_CONVERSION = YES;
				GCC_WARN_ABOUT_RETURN_TYPE = YES_ERROR;
				GCC_WARN_UNDECLARED_SELECTOR = YES;
				GCC_WARN_UNINITIALIZED_AUTOS = YES;
				GCC_WARN_UNUSED_FUNCTION = YES;
				INFOPLIST_FILE = "Demo/Demo-Info.plist";
				MACOSX_DEPLOYMENT_TARGET = 10.9;
				PRODUCT_NAME = "$(TARGET_NAME)";
				WRAPPER_EXTENSION = app;
			};
			name = Debug;
		};
		42DF923D186FDCFA00B26412 /* Release */ = {
			isa = XCBuildConfiguration;
			baseConfigurationReference = D3179D7525E94CE4BDBF559F /* Pods-Demo.xcconfig */;
			buildSettings = {
				ALWAYS_SEARCH_USER_PATHS = NO;
				ASSETCATALOG_COMPILER_APPICON_NAME = AppIcon;
				CLANG_CXX_LANGUAGE_STANDARD = "gnu++0x";
				CLANG_CXX_LIBRARY = "libc++";
				CLANG_ENABLE_OBJC_ARC = YES;
				CLANG_WARN_BOOL_CONVERSION = YES;
				CLANG_WARN_CONSTANT_CONVERSION = YES;
				CLANG_WARN_DIRECT_OBJC_ISA_USAGE = YES_ERROR;
				CLANG_WARN_EMPTY_BODY = YES;
				CLANG_WARN_ENUM_CONVERSION = YES;
				CLANG_WARN_INT_CONVERSION = YES;
				CLANG_WARN_OBJC_ROOT_CLASS = YES_ERROR;
				CLANG_WARN__DUPLICATE_METHOD_MATCH = YES;
				COMBINE_HIDPI_IMAGES = YES;
				COPY_PHASE_STRIP = YES;
				DEBUG_INFORMATION_FORMAT = "dwarf-with-dsym";
				ENABLE_NS_ASSERTIONS = NO;
				GCC_ENABLE_OBJC_EXCEPTIONS = YES;
				GCC_PRECOMPILE_PREFIX_HEADER = YES;
				GCC_PREFIX_HEADER = "Demo/Demo-Prefix.pch";
				GCC_WARN_64_TO_32_BIT_CONVERSION = YES;
				GCC_WARN_ABOUT_RETURN_TYPE = YES_ERROR;
				GCC_WARN_UNDECLARED_SELECTOR = YES;
				GCC_WARN_UNINITIALIZED_AUTOS = YES;
				GCC_WARN_UNUSED_FUNCTION = YES;
				INFOPLIST_FILE = "Demo/Demo-Info.plist";
				MACOSX_DEPLOYMENT_TARGET = 10.9;
				PRODUCT_NAME = "$(TARGET_NAME)";
				WRAPPER_EXTENSION = app;
			};
			name = Release;
		};
		C056398C08A954F8003078D8 /* Debug */ = {
			isa = XCBuildConfiguration;
			buildSettings = {
				ARCHS = "$(ARCHS_STANDARD_32_64_BIT)";
				GCC_C_LANGUAGE_STANDARD = gnu99;
				GCC_MODEL_TUNING = "";
				GCC_WARN_ABOUT_RETURN_TYPE = YES;
				GCC_WARN_UNUSED_VARIABLE = YES;
				ONLY_ACTIVE_ARCH = YES;
				SDKROOT = macosx;
			};
			name = Debug;
		};
		C056398D08A954F8003078D8 /* Release */ = {
			isa = XCBuildConfiguration;
			buildSettings = {
				ARCHS = "$(ARCHS_STANDARD_32_64_BIT)";
				GCC_C_LANGUAGE_STANDARD = gnu99;
				GCC_MODEL_TUNING = "";
				GCC_WARN_ABOUT_RETURN_TYPE = YES;
				GCC_WARN_UNUSED_VARIABLE = YES;
				SDKROOT = macosx;
			};
			name = Release;
		};
/* End XCBuildConfiguration section */

/* Begin XCConfigurationList section */
		42DF923B186FDCFA00B26412 /* Build configuration list for PBXNativeTarget "Demo" */ = {
			isa = XCConfigurationList;
			buildConfigurations = (
				42DF923C186FDCFA00B26412 /* Debug */,
				42DF923D186FDCFA00B26412 /* Release */,
			);
			defaultConfigurationIsVisible = 0;
			defaultConfigurationName = Release;
		};
		C056398B08A954F8003078D8 /* Build configuration list for PBXProject "NewtonCommanderUI" */ = {
			isa = XCConfigurationList;
			buildConfigurations = (
				C056398C08A954F8003078D8 /* Debug */,
				C056398D08A954F8003078D8 /* Release */,
			);
			defaultConfigurationIsVisible = 0;
			defaultConfigurationName = Release;
		};
/* End XCConfigurationList section */
	};
	rootObject = 0259C573FE90428111CA0C5A /* Project object */;
}
